<?xml version="1.0" encoding="utf-8"?>
<Project ToolsVersion="4.0" xmlns="http://schemas.microsoft.com/developer/msbuild/2003">
  <ItemGroup>
    <Filter Include="Source Files">
      <UniqueIdentifier>{4FC737F1-C7A5-4376-A066-2A32D752A2FF}</UniqueIdentifier>
      <Extensions>cpp;c;cc;cxx;def;odl;idl;hpj;bat;asm;asmx</Extensions>
    </Filter>
    <Filter Include="Header Files">
      <UniqueIdentifier>{93995380-89BD-4b04-88EB-625FBE52EBFB}</UniqueIdentifier>
      <Extensions>h;hh;hpp;hxx;hm;inl;inc;xsd</Extensions>
    </Filter>
    <Filter Include="Resource Files">
      <UniqueIdentifier>{67DA6AB6-F800-4c08-8B7A-83BB121AAD01}</UniqueIdentifier>
      <Extensions>rc;ico;cur;bmp;dlg;rc2;rct;bin;rgs;gif;jpg;jpeg;jpe;resx;tiff;tif;png;wav;mfcribbon-ms</Extensions>
    </Filter>
    <Filter Include="inc">
      <UniqueIdentifier>{bcb2ad09-217d-43e3-b3f0-0e95ef6b8023}</UniqueIdentifier>
    </Filter>
    <Filter Include="inc\sys">
      <UniqueIdentifier>{a8ebc7ed-da32-4692-82b6-6d49d420dd5b}</UniqueIdentifier>
    </Filter>
  </ItemGroup>
  <ItemGroup>
    <ClCompile Include="socketio.c">
      <Filter>Source Files</Filter>
    </ClCompile>
    <ClCompile Include="w32fd.c">
      <Filter>Source Files</Filter>
    </ClCompile>
    <ClCompile Include="signal.c">
      <Filter>Source Files</Filter>
    </ClCompile>
    <ClCompile Include="fileio.c">
      <Filter>Source Files</Filter>
    </ClCompile>
    <ClCompile Include="debug.c">
      <Filter>Source Files</Filter>
    </ClCompile>
  </ItemGroup>
  <ItemGroup>
    <ClInclude Include="w32fd.h">
      <Filter>Header Files</Filter>
    </ClInclude>
    <ClInclude Include="debug.h">
      <Filter>Header Files</Filter>
    </ClInclude>
    <ClInclude Include="inc\unistd.h">
      <Filter>inc</Filter>
    </ClInclude>
    <ClInclude Include="inc\sys\socket.h">
      <Filter>inc\sys</Filter>
    </ClInclude>
    <ClInclude Include="inc\w32posix.h">
      <Filter>inc</Filter>
    </ClInclude>
    <ClInclude Include="inc\defs.h">
      <Filter>inc</Filter>
    </ClInclude>
    <ClInclude Include="inc\sys\select.h">
      <Filter>inc\sys</Filter>
    </ClInclude>
  </ItemGroup>
</Project>