<?xml version="1.0" encoding="utf-8"?>
<Project ToolsVersion="4.0" xmlns="http://schemas.microsoft.com/developer/msbuild/2003">
  <ItemGroup>
    <ClCompile Include="$(OpenSSH-Src-Path)addrmatch.c" />
    <ClCompile Include="$(OpenSSH-Src-Path)atomicio.c" />
    <ClCompile Include="$(OpenSSH-Src-Path)authfd.c" />
    <ClCompile Include="$(OpenSSH-Src-Path)authfile.c" />
    <ClCompile Include="$(OpenSSH-Src-Path)bitmap.c" />
    <ClCompile Include="$(OpenSSH-Src-Path)blocks.c" />
    <ClCompile Include="$(OpenSSH-Src-Path)bufaux.c" />
    <ClCompile Include="$(OpenSSH-Src-Path)bufbn.c" />
    <ClCompile Include="$(OpenSSH-Src-Path)bufec.c" />
    <ClCompile Include="$(OpenSSH-Src-Path)buffer.c" />
    <ClCompile Include="$(OpenSSH-Src-Path)canohost.c" />
    <ClCompile Include="$(OpenSSH-Src-Path)chacha.c" />
    <ClCompile Include="$(OpenSSH-Src-Path)channels.c" />
    <ClCompile Include="$(OpenSSH-Src-Path)cipher-aes.c" />
    <ClCompile Include="$(OpenSSH-Src-Path)cipher-aesctr.c" />
    <ClCompile Include="$(OpenSSH-Src-Path)cipher-chachapoly.c" />
    <ClCompile Include="$(OpenSSH-Src-Path)cipher-ctr.c" />
    <ClCompile Include="$(OpenSSH-Src-Path)cipher.c" />
    <ClCompile Include="$(OpenSSH-Src-Path)cleanup.c" />
    <ClCompile Include="$(OpenSSH-Src-Path)compat.c" />
    <ClCompile Include="$(OpenSSH-Src-Path)crc32.c" />
    <ClCompile Include="$(OpenSSH-Src-Path)dh.c" />
    <ClCompile Include="$(OpenSSH-Src-Path)digest-libc.c" />
    <ClCompile Include="$(OpenSSH-Src-Path)dispatch.c" />
    <ClCompile Include="$(OpenSSH-Src-Path)dns.c" />
    <ClCompile Include="$(OpenSSH-Src-Path)ed25519.c" />
    <ClCompile Include="$(OpenSSH-Src-Path)entropy.c" />
    <ClCompile Include="$(OpenSSH-Src-Path)fatal.c" />
    <ClCompile Include="$(OpenSSH-Src-Path)fe25519.c" />
    <ClCompile Include="$(OpenSSH-Src-Path)ge25519.c" />
    <ClCompile Include="$(OpenSSH-Src-Path)gss-genr.c" />
    <ClCompile Include="$(OpenSSH-Src-Path)hash.c" />
    <ClCompile Include="$(OpenSSH-Src-Path)hmac.c" />
    <ClCompile Include="$(OpenSSH-Src-Path)hostfile.c" />
    <ClCompile Include="$(OpenSSH-Src-Path)kex.c" />
    <ClCompile Include="$(OpenSSH-Src-Path)kexc25519.c" />
    <ClCompile Include="$(OpenSSH-Src-Path)kexc25519c.c" />
    <ClCompile Include="$(OpenSSH-Src-Path)kexc25519s.c" />
    <ClCompile Include="$(OpenSSH-Src-Path)kexdh.c" />
    <ClCompile Include="$(OpenSSH-Src-Path)kexdhc.c" />
    <ClCompile Include="$(OpenSSH-Src-Path)kexdhs.c" />
    <ClCompile Include="$(OpenSSH-Src-Path)kexecdh.c" />
    <ClCompile Include="$(OpenSSH-Src-Path)kexecdhc.c" />
    <ClCompile Include="$(OpenSSH-Src-Path)kexecdhs.c" />
    <ClCompile Include="$(OpenSSH-Src-Path)kexgex.c" />
    <ClCompile Include="$(OpenSSH-Src-Path)kexgexc.c" />
    <ClCompile Include="$(OpenSSH-Src-Path)key.c" />
    <ClCompile Include="$(OpenSSH-Src-Path)krl.c" />
    <ClCompile Include="$(OpenSSH-Src-Path)log.c" />
    <ClCompile Include="$(OpenSSH-Src-Path)mac.c" />
    <ClCompile Include="$(OpenSSH-Src-Path)monitor_fdpass.c" />
    <ClCompile Include="$(OpenSSH-Src-Path)msg.c" />
    <ClCompile Include="$(OpenSSH-Src-Path)nchan.c" />
    <ClCompile Include="$(OpenSSH-Src-Path)opacket.c" />
    <ClCompile Include="$(OpenSSH-Src-Path)packet.c" />
    <ClCompile Include="$(OpenSSH-Src-Path)poly1305.c" />
    <ClCompile Include="$(OpenSSH-Src-Path)sc25519.c" />
    <ClCompile Include="$(OpenSSH-Src-Path)smult_curve25519_ref.c" />
    <ClCompile Include="$(OpenSSH-Src-Path)ssh-dss.c" />
    <ClCompile Include="$(OpenSSH-Src-Path)ssh-ecdsa.c" />
    <ClCompile Include="$(OpenSSH-Src-Path)ssh-ed25519.c" />
    <ClCompile Include="$(OpenSSH-Src-Path)ssh-pkcs11.c" />
    <ClCompile Include="$(OpenSSH-Src-Path)ssh-rsa.c" />
    <ClCompile Include="$(OpenSSH-Src-Path)sshbuf-getput-basic.c" />
    <ClCompile Include="$(OpenSSH-Src-Path)sshbuf-getput-crypto.c" />
    <ClCompile Include="$(OpenSSH-Src-Path)sshbuf-misc.c" />
    <ClCompile Include="$(OpenSSH-Src-Path)sshbuf.c" />
    <ClCompile Include="$(OpenSSH-Src-Path)ssherr.c" />
    <ClCompile Include="$(OpenSSH-Src-Path)sshkey.c" />
    <ClCompile Include="$(OpenSSH-Src-Path)ssh_api.c" />
    <ClCompile Include="$(OpenSSH-Src-Path)umac.c" />
    <ClCompile Include="$(OpenSSH-Src-Path)platform-pledge.c" />
    <ClCompile Include="$(OpenSSH-Src-Path)platform-tracing.c" />
    <ClCompile Include="$(OpenSSH-Src-Path)platform.c" />
    <ClCompile Include="$(OpenSSH-Src-Path)sandbox-pledge.c" />
    <ClCompile Include="$(OpenSSH-Src-Path)contrib\win32\win32compat\ttymodes_windows.c" />
    <ClCompile Include="$(OpenSSH-Src-Path)contrib\win32\win32compat\w32-sshfileperm.c" />
    <ClCompile Include="$(OpenSSH-Src-Path)digest-openssl.c" />
    <ClCompile Include="$(OpenSSH-Src-Path)match.c" />
    <ClCompile Include="$(OpenSSH-Src-Path)misc.c" />
    <ClCompile Include="$(OpenSSH-Src-Path)moduli.c" />
    <ClCompile Include="$(OpenSSH-Src-Path)progressmeter.c" />
    <ClCompile Include="$(OpenSSH-Src-Path)readpass.c" />
    <ClCompile Include="$(OpenSSH-Src-Path)rijndael.c" />
    <ClCompile Include="$(OpenSSH-Src-Path)uuencode.c" />
    <ClCompile Include="$(OpenSSH-Src-Path)verify.c" />
    <ClCompile Include="$(OpenSSH-Src-Path)xmalloc.c" />
    <ClCompile Include="$(OpenSSH-Src-Path)kexgexs.c" />
  </ItemGroup>
  <ItemGroup>
    <ClCompile Include="$(OpenSSH-Src-Path)addrmatch.c">
      <Filter>Source Files</Filter>
    </ClCompile>
    <ClCompile Include="$(OpenSSH-Src-Path)atomicio.c">
      <Filter>Source Files</Filter>
    </ClCompile>
    <ClCompile Include="$(OpenSSH-Src-Path)authfd.c">
      <Filter>Source Files</Filter>
    </ClCompile>
    <ClCompile Include="$(OpenSSH-Src-Path)authfile.c">
      <Filter>Source Files</Filter>
    </ClCompile>
    <ClCompile Include="$(OpenSSH-Src-Path)bitmap.c">
      <Filter>Source Files</Filter>
    </ClCompile>
    <ClCompile Include="$(OpenSSH-Src-Path)blocks.c">
      <Filter>Source Files</Filter>
    </ClCompile>
    <ClCompile Include="$(OpenSSH-Src-Path)bufaux.c">
      <Filter>Source Files</Filter>
    </ClCompile>
    <ClCompile Include="$(OpenSSH-Src-Path)bufbn.c">
      <Filter>Source Files</Filter>
    </ClCompile>
    <ClCompile Include="$(OpenSSH-Src-Path)bufec.c">
      <Filter>Source Files</Filter>
    </ClCompile>
    <ClCompile Include="$(OpenSSH-Src-Path)buffer.c">
      <Filter>Source Files</Filter>
    </ClCompile>
    <ClCompile Include="$(OpenSSH-Src-Path)canohost.c">
      <Filter>Source Files</Filter>
    </ClCompile>
    <ClCompile Include="$(OpenSSH-Src-Path)chacha.c">
      <Filter>Source Files</Filter>
    </ClCompile>
    <ClCompile Include="$(OpenSSH-Src-Path)channels.c">
      <Filter>Source Files</Filter>
    </ClCompile>
    <ClCompile Include="$(OpenSSH-Src-Path)cipher-aes.c">
      <Filter>Source Files</Filter>
    </ClCompile>
    <ClCompile Include="$(OpenSSH-Src-Path)cipher-aesctr.c">
      <Filter>Source Files</Filter>
    </ClCompile>
    <ClCompile Include="$(OpenSSH-Src-Path)cipher-chachapoly.c">
      <Filter>Source Files</Filter>
    </ClCompile>
    <ClCompile Include="$(OpenSSH-Src-Path)cipher-ctr.c">
      <Filter>Source Files</Filter>
    </ClCompile>
    <ClCompile Include="$(OpenSSH-Src-Path)cipher.c">
      <Filter>Source Files</Filter>
    </ClCompile>
    <ClCompile Include="$(OpenSSH-Src-Path)cleanup.c">
      <Filter>Source Files</Filter>
    </ClCompile>
    <ClCompile Include="$(OpenSSH-Src-Path)compat.c">
      <Filter>Source Files</Filter>
    </ClCompile>
    <ClCompile Include="$(OpenSSH-Src-Path)crc32.c">
      <Filter>Source Files</Filter>
    </ClCompile>
    <ClCompile Include="$(OpenSSH-Src-Path)dh.c">
      <Filter>Source Files</Filter>
    </ClCompile>
    <ClCompile Include="$(OpenSSH-Src-Path)digest-libc.c">
      <Filter>Source Files</Filter>
    </ClCompile>
    <ClCompile Include="$(OpenSSH-Src-Path)dispatch.c">
      <Filter>Source Files</Filter>
    </ClCompile>
    <ClCompile Include="$(OpenSSH-Src-Path)dns.c">
      <Filter>Source Files</Filter>
    </ClCompile>
    <ClCompile Include="$(OpenSSH-Src-Path)ed25519.c">
      <Filter>Source Files</Filter>
    </ClCompile>
    <ClCompile Include="$(OpenSSH-Src-Path)entropy.c">
      <Filter>Source Files</Filter>
    </ClCompile>
    <ClCompile Include="$(OpenSSH-Src-Path)fatal.c">
      <Filter>Source Files</Filter>
    </ClCompile>
    <ClCompile Include="$(OpenSSH-Src-Path)fe25519.c">
      <Filter>Source Files</Filter>
    </ClCompile>
    <ClCompile Include="$(OpenSSH-Src-Path)ge25519.c">
      <Filter>Source Files</Filter>
    </ClCompile>
    <ClCompile Include="$(OpenSSH-Src-Path)gss-genr.c">
      <Filter>Source Files</Filter>
    </ClCompile>
    <ClCompile Include="$(OpenSSH-Src-Path)hash.c">
      <Filter>Source Files</Filter>
    </ClCompile>
    <ClCompile Include="$(OpenSSH-Src-Path)hmac.c">
      <Filter>Source Files</Filter>
    </ClCompile>
    <ClCompile Include="$(OpenSSH-Src-Path)hostfile.c">
      <Filter>Source Files</Filter>
    </ClCompile>
    <ClCompile Include="$(OpenSSH-Src-Path)kex.c">
      <Filter>Source Files</Filter>
    </ClCompile>
    <ClCompile Include="$(OpenSSH-Src-Path)kexc25519.c">
      <Filter>Source Files</Filter>
    </ClCompile>
    <ClCompile Include="$(OpenSSH-Src-Path)kexc25519c.c">
      <Filter>Source Files</Filter>
    </ClCompile>
    <ClCompile Include="$(OpenSSH-Src-Path)kexc25519s.c">
      <Filter>Source Files</Filter>
    </ClCompile>
    <ClCompile Include="$(OpenSSH-Src-Path)kexdh.c">
      <Filter>Source Files</Filter>
    </ClCompile>
    <ClCompile Include="$(OpenSSH-Src-Path)kexdhc.c">
      <Filter>Source Files</Filter>
    </ClCompile>
    <ClCompile Include="$(OpenSSH-Src-Path)kexdhs.c">
      <Filter>Source Files</Filter>
    </ClCompile>
    <ClCompile Include="$(OpenSSH-Src-Path)kexecdh.c">
      <Filter>Source Files</Filter>
    </ClCompile>
    <ClCompile Include="$(OpenSSH-Src-Path)kexecdhc.c">
      <Filter>Source Files</Filter>
    </ClCompile>
    <ClCompile Include="$(OpenSSH-Src-Path)kexecdhs.c">
      <Filter>Source Files</Filter>
    </ClCompile>
    <ClCompile Include="$(OpenSSH-Src-Path)kexgex.c">
      <Filter>Source Files</Filter>
    </ClCompile>
    <ClCompile Include="$(OpenSSH-Src-Path)kexgexc.c">
      <Filter>Source Files</Filter>
    </ClCompile>
    <ClCompile Include="$(OpenSSH-Src-Path)key.c">
      <Filter>Source Files</Filter>
    </ClCompile>
    <ClCompile Include="$(OpenSSH-Src-Path)krl.c">
      <Filter>Source Files</Filter>
    </ClCompile>
    <ClCompile Include="$(OpenSSH-Src-Path)log.c">
      <Filter>Source Files</Filter>
    </ClCompile>
    <ClCompile Include="$(OpenSSH-Src-Path)mac.c">
      <Filter>Source Files</Filter>
    </ClCompile>
    <ClCompile Include="$(OpenSSH-Src-Path)monitor_fdpass.c">
      <Filter>Source Files</Filter>
    </ClCompile>
    <ClCompile Include="$(OpenSSH-Src-Path)msg.c">
      <Filter>Source Files</Filter>
    </ClCompile>
    <ClCompile Include="$(OpenSSH-Src-Path)nchan.c">
      <Filter>Source Files</Filter>
    </ClCompile>
    <ClCompile Include="$(OpenSSH-Src-Path)opacket.c">
      <Filter>Source Files</Filter>
    </ClCompile>
    <ClCompile Include="$(OpenSSH-Src-Path)packet.c">
      <Filter>Source Files</Filter>
    </ClCompile>
    <ClCompile Include="$(OpenSSH-Src-Path)poly1305.c">
      <Filter>Source Files</Filter>
    </ClCompile>
    <ClCompile Include="$(OpenSSH-Src-Path)rsa.c">
      <Filter>Source Files</Filter>
    </ClCompile>
    <ClCompile Include="$(OpenSSH-Src-Path)sc25519.c">
      <Filter>Source Files</Filter>
    </ClCompile>
    <ClCompile Include="$(OpenSSH-Src-Path)smult_curve25519_ref.c">
      <Filter>Source Files</Filter>
    </ClCompile>
    <ClCompile Include="$(OpenSSH-Src-Path)ssh-dss.c">
      <Filter>Source Files</Filter>
    </ClCompile>
    <ClCompile Include="$(OpenSSH-Src-Path)ssh-ecdsa.c">
      <Filter>Source Files</Filter>
    </ClCompile>
    <ClCompile Include="$(OpenSSH-Src-Path)ssh-ed25519.c">
      <Filter>Source Files</Filter>
    </ClCompile>
    <ClCompile Include="$(OpenSSH-Src-Path)ssh-pkcs11.c">
      <Filter>Source Files</Filter>
    </ClCompile>
    <ClCompile Include="$(OpenSSH-Src-Path)ssh-rsa.c">
      <Filter>Source Files</Filter>
    </ClCompile>
    <ClCompile Include="$(OpenSSH-Src-Path)sshbuf-getput-basic.c">
      <Filter>Source Files</Filter>
    </ClCompile>
    <ClCompile Include="$(OpenSSH-Src-Path)sshbuf-getput-crypto.c">
      <Filter>Source Files</Filter>
    </ClCompile>
    <ClCompile Include="$(OpenSSH-Src-Path)sshbuf-misc.c">
      <Filter>Source Files</Filter>
    </ClCompile>
    <ClCompile Include="$(OpenSSH-Src-Path)sshbuf.c">
      <Filter>Source Files</Filter>
    </ClCompile>
    <ClCompile Include="$(OpenSSH-Src-Path)ssherr.c">
      <Filter>Source Files</Filter>
    </ClCompile>
    <ClCompile Include="$(OpenSSH-Src-Path)sshkey.c">
      <Filter>Source Files</Filter>
    </ClCompile>
    <ClCompile Include="$(OpenSSH-Src-Path)ssh_api.c">
      <Filter>Source Files</Filter>
    </ClCompile>
    <ClCompile Include="$(OpenSSH-Src-Path)umac.c">
      <Filter>Source Files</Filter>
    </ClCompile>
    <ClCompile Include="$(OpenSSH-Src-Path)platform-pledge.c">
      <Filter>Source Files</Filter>
    </ClCompile>
    <ClCompile Include="$(OpenSSH-Src-Path)platform-tracing.c">
      <Filter>Source Files</Filter>
    </ClCompile>
    <ClCompile Include="$(OpenSSH-Src-Path)platform.c">
      <Filter>Source Files</Filter>
    </ClCompile>
    <ClCompile Include="$(OpenSSH-Src-Path)sandbox-pledge.c">
      <Filter>Source Files</Filter>
    </ClCompile>
    <ClCompile Include="$(OpenSSH-Src-Path)contrib\win32\win32compat\ttymodes_windows.c">
      <Filter>Source Files</Filter>
    </ClCompile>
    <ClCompile Include="$(OpenSSH-Src-Path)digest-openssl.c">
      <Filter>Source Files</Filter>
    </ClCompile>
    <ClCompile Include="$(OpenSSH-Src-Path)contrib\win32\win32compat\w32-sshfileperm.c">
      <Filter>Source Files</Filter>
    </ClCompile>
  </ItemGroup>
  <ItemGroup>
    <ClInclude Include="$(OpenSSH-Src-Path)crypto-wrap.h" />
    <ClInclude Include="$(OpenSSH-Src-Path)sshfileperm.h" />
  </ItemGroup>
</Project>