<?xml version="1.0" encoding="utf-8"?>
<Project ToolsVersion="4.0" xmlns="http://schemas.microsoft.com/developer/msbuild/2003">
  <ItemGroup>
    <Filter Include="Source Files">
      <UniqueIdentifier>{4FC737F1-C7A5-4376-A066-2A32D752A2FF}</UniqueIdentifier>
      <Extensions>cpp;c;cc;cxx;def;odl;idl;hpj;bat;asm;asmx</Extensions>
    </Filter>
    <Filter Include="Header Files">
      <UniqueIdentifier>{93995380-89BD-4b04-88EB-625FBE52EBFB}</UniqueIdentifier>
      <Extensions>h;hh;hpp;hxx;hm;inl;inc;xsd</Extensions>
    </Filter>
    <Filter Include="Resource Files">
      <UniqueIdentifier>{67DA6AB6-F800-4c08-8B7A-83BB121AAD01}</UniqueIdentifier>
      <Extensions>rc;ico;cur;bmp;dlg;rc2;rct;bin;rgs;gif;jpg;jpeg;jpe;resx;tiff;tif;png;wav;mfcribbon-ms</Extensions>
    </Filter>
  </ItemGroup>
  <ItemGroup>
    <ClCompile Include="$(OpenSSH-Src-Path)openbsd-compat\arc4random.c">
      <Filter>Source Files</Filter>
    </ClCompile>
    <ClCompile Include="$(OpenSSH-Src-Path)openbsd-compat\base64.c">
      <Filter>Source Files</Filter>
    </ClCompile>
    <ClCompile Include="$(OpenSSH-Src-Path)openbsd-compat\basename.c">
      <Filter>Source Files</Filter>
    </ClCompile>
    <ClCompile Include="$(OpenSSH-Src-Path)openbsd-compat\bcrypt_pbkdf.c">
      <Filter>Source Files</Filter>
    </ClCompile>
    <ClCompile Include="$(OpenSSH-Src-Path)openbsd-compat\bindresvport.c">
      <Filter>Source Files</Filter>
    </ClCompile>
    <ClCompile Include="$(OpenSSH-Src-Path)openbsd-compat\blowfish.c">
      <Filter>Source Files</Filter>
    </ClCompile>
    <ClCompile Include="$(OpenSSH-Src-Path)openbsd-compat\bsd-asprintf.c">
      <Filter>Source Files</Filter>
    </ClCompile>
    <ClCompile Include="$(OpenSSH-Src-Path)openbsd-compat\bsd-closefrom.c">
      <Filter>Source Files</Filter>
    </ClCompile>
    <ClCompile Include="$(OpenSSH-Src-Path)openbsd-compat\bsd-cray.c">
      <Filter>Source Files</Filter>
    </ClCompile>
    <ClCompile Include="$(OpenSSH-Src-Path)openbsd-compat\bsd-cygwin_util.c">
      <Filter>Source Files</Filter>
    </ClCompile>
    <ClCompile Include="$(OpenSSH-Src-Path)openbsd-compat\bsd-getpeereid.c">
      <Filter>Source Files</Filter>
    </ClCompile>
    <ClCompile Include="$(OpenSSH-Src-Path)openbsd-compat\bsd-misc.c">
      <Filter>Source Files</Filter>
    </ClCompile>
    <ClCompile Include="$(OpenSSH-Src-Path)openbsd-compat\bsd-nextstep.c">
      <Filter>Source Files</Filter>
    </ClCompile>
    <ClCompile Include="$(OpenSSH-Src-Path)openbsd-compat\bsd-openpty.c">
      <Filter>Source Files</Filter>
    </ClCompile>
    <ClCompile Include="$(OpenSSH-Src-Path)openbsd-compat\bsd-poll.c">
      <Filter>Source Files</Filter>
    </ClCompile>
    <ClCompile Include="$(OpenSSH-Src-Path)openbsd-compat\bsd-setres_id.c">
      <Filter>Source Files</Filter>
    </ClCompile>
    <ClCompile Include="$(OpenSSH-Src-Path)openbsd-compat\bsd-snprintf.c">
      <Filter>Source Files</Filter>
    </ClCompile>
    <ClCompile Include="$(OpenSSH-Src-Path)openbsd-compat\bsd-statvfs.c">
      <Filter>Source Files</Filter>
    </ClCompile>
    <ClCompile Include="$(OpenSSH-Src-Path)openbsd-compat\bsd-waitpid.c">
      <Filter>Source Files</Filter>
    </ClCompile>
    <ClCompile Include="$(OpenSSH-Src-Path)openbsd-compat\daemon.c">
      <Filter>Source Files</Filter>
    </ClCompile>
    <ClCompile Include="$(OpenSSH-Src-Path)openbsd-compat\dirname.c">
      <Filter>Source Files</Filter>
    </ClCompile>
    <ClCompile Include="$(OpenSSH-Src-Path)openbsd-compat\explicit_bzero.c">
      <Filter>Source Files</Filter>
    </ClCompile>
    <ClCompile Include="$(OpenSSH-Src-Path)openbsd-compat\fake-rfc2553.c">
      <Filter>Source Files</Filter>
    </ClCompile>
    <ClCompile Include="$(OpenSSH-Src-Path)openbsd-compat\fmt_scaled.c">
      <Filter>Source Files</Filter>
    </ClCompile>
    <ClCompile Include="$(OpenSSH-Src-Path)openbsd-compat\getcwd.c">
      <Filter>Source Files</Filter>
    </ClCompile>
    <ClCompile Include="$(OpenSSH-Src-Path)openbsd-compat\getgrouplist.c">
      <Filter>Source Files</Filter>
    </ClCompile>
    <ClCompile Include="$(OpenSSH-Src-Path)openbsd-compat\getopt_long.c">
      <Filter>Source Files</Filter>
    </ClCompile>
    <ClCompile Include="$(OpenSSH-Src-Path)openbsd-compat\getrrsetbyname-ldns.c">
      <Filter>Source Files</Filter>
    </ClCompile>
    <ClCompile Include="$(OpenSSH-Src-Path)openbsd-compat\inet_aton.c">
      <Filter>Source Files</Filter>
    </ClCompile>
    <ClCompile Include="$(OpenSSH-Src-Path)openbsd-compat\inet_ntoa.c">
      <Filter>Source Files</Filter>
    </ClCompile>
    <ClCompile Include="$(OpenSSH-Src-Path)openbsd-compat\inet_ntop.c">
      <Filter>Source Files</Filter>
    </ClCompile>
    <ClCompile Include="$(OpenSSH-Src-Path)openbsd-compat\kludge-fd_set.c">
      <Filter>Source Files</Filter>
    </ClCompile>
    <ClCompile Include="$(OpenSSH-Src-Path)openbsd-compat\md5.c">
      <Filter>Source Files</Filter>
    </ClCompile>
    <ClCompile Include="$(OpenSSH-Src-Path)openbsd-compat\mktemp.c">
      <Filter>Source Files</Filter>
    </ClCompile>
    <ClCompile Include="$(OpenSSH-Src-Path)openbsd-compat\openssl-compat.c">
      <Filter>Source Files</Filter>
    </ClCompile>
    <ClCompile Include="$(OpenSSH-Src-Path)openbsd-compat\port-irix.c">
      <Filter>Source Files</Filter>
    </ClCompile>
    <ClCompile Include="$(OpenSSH-Src-Path)openbsd-compat\port-linux.c">
      <Filter>Source Files</Filter>
    </ClCompile>
    <ClCompile Include="$(OpenSSH-Src-Path)openbsd-compat\port-solaris.c">
      <Filter>Source Files</Filter>
    </ClCompile>
    <ClCompile Include="$(OpenSSH-Src-Path)openbsd-compat\port-tun.c">
      <Filter>Source Files</Filter>
    </ClCompile>
    <ClCompile Include="$(OpenSSH-Src-Path)openbsd-compat\port-uw.c">
      <Filter>Source Files</Filter>
    </ClCompile>
    <ClCompile Include="$(OpenSSH-Src-Path)openbsd-compat\readpassphrase.c">
      <Filter>Source Files</Filter>
    </ClCompile>
    <ClCompile Include="$(OpenSSH-Src-Path)openbsd-compat\reallocarray.c">
      <Filter>Source Files</Filter>
    </ClCompile>
    <ClCompile Include="$(OpenSSH-Src-Path)openbsd-compat\rmd160.c">
      <Filter>Source Files</Filter>
    </ClCompile>
    <ClCompile Include="$(OpenSSH-Src-Path)openbsd-compat\rresvport.c">
      <Filter>Source Files</Filter>
    </ClCompile>
    <ClCompile Include="$(OpenSSH-Src-Path)openbsd-compat\setenv.c">
      <Filter>Source Files</Filter>
    </ClCompile>
    <ClCompile Include="$(OpenSSH-Src-Path)openbsd-compat\setproctitle.c">
      <Filter>Source Files</Filter>
    </ClCompile>
    <ClCompile Include="$(OpenSSH-Src-Path)openbsd-compat\sha1.c">
      <Filter>Source Files</Filter>
    </ClCompile>
    <ClCompile Include="$(OpenSSH-Src-Path)openbsd-compat\sha2.c">
      <Filter>Source Files</Filter>
    </ClCompile>
    <ClCompile Include="$(OpenSSH-Src-Path)openbsd-compat\strlcat.c">
      <Filter>Source Files</Filter>
    </ClCompile>
    <ClCompile Include="$(OpenSSH-Src-Path)openbsd-compat\strlcpy.c">
      <Filter>Source Files</Filter>
    </ClCompile>
    <ClCompile Include="$(OpenSSH-Src-Path)openbsd-compat\strmode.c">
      <Filter>Source Files</Filter>
    </ClCompile>
    <ClCompile Include="$(OpenSSH-Src-Path)openbsd-compat\strptime.c">
      <Filter>Source Files</Filter>
    </ClCompile>
    <ClCompile Include="$(OpenSSH-Src-Path)openbsd-compat\strsep.c">
      <Filter>Source Files</Filter>
    </ClCompile>
    <ClCompile Include="$(OpenSSH-Src-Path)openbsd-compat\strtoll.c">
      <Filter>Source Files</Filter>
    </ClCompile>
    <ClCompile Include="$(OpenSSH-Src-Path)openbsd-compat\strtonum.c">
      <Filter>Source Files</Filter>
    </ClCompile>
    <ClCompile Include="$(OpenSSH-Src-Path)openbsd-compat\strtoul.c">
      <Filter>Source Files</Filter>
    </ClCompile>
    <ClCompile Include="$(OpenSSH-Src-Path)openbsd-compat\strtoull.c">
      <Filter>Source Files</Filter>
    </ClCompile>
    <ClCompile Include="$(OpenSSH-Src-Path)openbsd-compat\timingsafe_bcmp.c">
      <Filter>Source Files</Filter>
    </ClCompile>
    <ClCompile Include="$(OpenSSH-Src-Path)openbsd-compat\vis.c">
      <Filter>Source Files</Filter>
    </ClCompile>
    <ClCompile Include="$(OpenSSH-Src-Path)openbsd-compat\xcrypt.c">
      <Filter>Source Files</Filter>
    </ClCompile>
    <ClCompile Include="$(OpenSSH-Src-Path)openbsd-compat\bsd-getpagesize.c">
      <Filter>Source Files</Filter>
    </ClCompile>
    <ClCompile Include="$(OpenSSH-Src-Path)openbsd-compat\recallocarray.c">
      <Filter>Source Files</Filter>
    </ClCompile>
    <ClCompile Include="$(OpenSSH-Src-Path)openbsd-compat\glob.c">
      <Filter>Source Files</Filter>
    </ClCompile>
    <ClCompile Include="$(OpenSSH-Src-Path)openbsd-compat\strcasestr.c">
      <Filter>Source Files</Filter>
    </ClCompile>
  </ItemGroup>
  <ItemGroup>
    <ClInclude Include="$(OpenSSH-Src-Path)openbsd-compat\base64.h">
      <Filter>Header Files</Filter>
    </ClInclude>
    <ClInclude Include="$(OpenSSH-Src-Path)openbsd-compat\blf.h">
      <Filter>Header Files</Filter>
    </ClInclude>
    <ClInclude Include="$(OpenSSH-Src-Path)openbsd-compat\bsd-cray.h">
      <Filter>Header Files</Filter>
    </ClInclude>
    <ClInclude Include="$(OpenSSH-Src-Path)openbsd-compat\bsd-cygwin_util.h">
      <Filter>Header Files</Filter>
    </ClInclude>
    <ClInclude Include="$(OpenSSH-Src-Path)openbsd-compat\bsd-misc.h">
      <Filter>Header Files</Filter>
    </ClInclude>
    <ClInclude Include="$(OpenSSH-Src-Path)openbsd-compat\bsd-nextstep.h">
      <Filter>Header Files</Filter>
    </ClInclude>
    <ClInclude Include="$(OpenSSH-Src-Path)openbsd-compat\bsd-poll.h">
      <Filter>Header Files</Filter>
    </ClInclude>
    <ClInclude Include="$(OpenSSH-Src-Path)openbsd-compat\bsd-setres_id.h">
      <Filter>Header Files</Filter>
    </ClInclude>
    <ClInclude Include="$(OpenSSH-Src-Path)openbsd-compat\bsd-statvfs.h">
      <Filter>Header Files</Filter>
    </ClInclude>
    <ClInclude Include="$(OpenSSH-Src-Path)openbsd-compat\bsd-waitpid.h">
      <Filter>Header Files</Filter>
    </ClInclude>
    <ClInclude Include="$(OpenSSH-Src-Path)openbsd-compat\chacha_private.h">
      <Filter>Header Files</Filter>
    </ClInclude>
    <ClInclude Include="$(OpenSSH-Src-Path)openbsd-compat\charclass.h">
      <Filter>Header Files</Filter>
    </ClInclude>
    <ClInclude Include="$(OpenSSH-Src-Path)openbsd-compat\fake-rfc2553.h">
      <Filter>Header Files</Filter>
    </ClInclude>
    <ClInclude Include="$(OpenSSH-Src-Path)openbsd-compat\getopt.h">
      <Filter>Header Files</Filter>
    </ClInclude>
    <ClInclude Include="$(OpenSSH-Src-Path)openbsd-compat\getrrsetbyname.h">
      <Filter>Header Files</Filter>
    </ClInclude>
    <ClInclude Include="$(OpenSSH-Src-Path)openbsd-compat\glob.h">
      <Filter>Header Files</Filter>
    </ClInclude>
    <ClInclude Include="$(OpenSSH-Src-Path)openbsd-compat\md5.h">
      <Filter>Header Files</Filter>
    </ClInclude>
    <ClInclude Include="$(OpenSSH-Src-Path)openbsd-compat\openbsd-compat.h">
      <Filter>Header Files</Filter>
    </ClInclude>
    <ClInclude Include="$(OpenSSH-Src-Path)openbsd-compat\openssl-compat.h">
      <Filter>Header Files</Filter>
    </ClInclude>
    <ClInclude Include="$(OpenSSH-Src-Path)openbsd-compat\port-aix.h">
      <Filter>Header Files</Filter>
    </ClInclude>
    <ClInclude Include="$(OpenSSH-Src-Path)openbsd-compat\port-irix.h">
      <Filter>Header Files</Filter>
    </ClInclude>
    <ClInclude Include="$(OpenSSH-Src-Path)openbsd-compat\port-linux.h">
      <Filter>Header Files</Filter>
    </ClInclude>
    <ClInclude Include="$(OpenSSH-Src-Path)openbsd-compat\port-solaris.h">
      <Filter>Header Files</Filter>
    </ClInclude>
    <ClInclude Include="$(OpenSSH-Src-Path)openbsd-compat\port-tun.h">
      <Filter>Header Files</Filter>
    </ClInclude>
    <ClInclude Include="$(OpenSSH-Src-Path)openbsd-compat\port-uw.h">
      <Filter>Header Files</Filter>
    </ClInclude>
    <ClInclude Include="$(OpenSSH-Src-Path)openbsd-compat\readpassphrase.h">
      <Filter>Header Files</Filter>
    </ClInclude>
    <ClInclude Include="$(OpenSSH-Src-Path)openbsd-compat\rmd160.h">
      <Filter>Header Files</Filter>
    </ClInclude>
    <ClInclude Include="$(OpenSSH-Src-Path)openbsd-compat\sha1.h">
      <Filter>Header Files</Filter>
    </ClInclude>
    <ClInclude Include="$(OpenSSH-Src-Path)openbsd-compat\sha2.h">
      <Filter>Header Files</Filter>
    </ClInclude>
    <ClInclude Include="$(OpenSSH-Src-Path)openbsd-compat\sys-queue.h">
      <Filter>Header Files</Filter>
    </ClInclude>
    <ClInclude Include="$(OpenSSH-Src-Path)openbsd-compat\sys-tree.h">
      <Filter>Header Files</Filter>
    </ClInclude>
    <ClInclude Include="$(OpenSSH-Src-Path)openbsd-compat\vis.h">
      <Filter>Header Files</Filter>
    </ClInclude>
  </ItemGroup>
</Project>