
Microsoft Visual Studio Solution File, Format Version 9.00
# Visual Studio 2005
Project("{8BC9CEB8-8B4A-11D0-8D11-00A0C91BC942}") = "libssh", "libssh\libssh.vcproj", "{EBDE90BD-BD30-4128-8E79-50224624628E}"
EndProject
Project("{8BC9CEB8-8B4A-11D0-8D11-00A0C91BC942}") = "ssh", "ssh\ssh.vcproj", "{FFF4695D-9C03-456C-8DDB-60D9FF6C19FF}"
EndProject
Project("{8BC9CEB8-8B4A-11D0-8D11-00A0C91BC942}") = "libopenbsdcompat", "libopenbsdcompat\libopenbsdcompat.vcproj", "{E9A9CF62-16DA-409A-AB65-0B98507C4761}"
EndProject
Project("{8BC9CEB8-8B4A-11D0-8D11-00A0C91BC942}") = "win32compat", "..\win32compat\win32compat.vcproj", "{8660C2FE-9874-432D-B047-E042BB41DBE0}"
EndProject
Project("{8BC9CEB8-8B4A-11D0-8D11-00A0C91BC942}") = "sshd", "sshd\sshd.vcproj", "{9B3C8BD7-FDE8-410F-8541-E0E5720E1134}"
EndProject
Global
	GlobalSection(SolutionConfigurationPlatforms) = preSolution
		Debug|Win32 = Debug|Win32
		Release|Win32 = Release|Win32
	EndGlobalSection
	GlobalSection(ProjectConfigurationPlatforms) = postSolution
		{EBDE90BD-BD30-4128-8E79-50224624628E}.Debug|Win32.ActiveCfg = Debug|Win32
		{EBDE90BD-BD30-4128-8E79-50224624628E}.Debug|Win32.Build.0 = Debug|Win32
		{EBDE90BD-BD30-4128-8E79-50224624628E}.Release|Win32.ActiveCfg = Release|Win32
		{EBDE90BD-BD30-4128-8E79-50224624628E}.Release|Win32.Build.0 = Release|Win32
		{FFF4695D-9C03-456C-8DDB-60D9FF6C19FF}.Debug|Win32.ActiveCfg = Debug|Win32
		{FFF4695D-9C03-456C-8DDB-60D9FF6C19FF}.Debug|Win32.Build.0 = Debug|Win32
		{FFF4695D-9C03-456C-8DDB-60D9FF6C19FF}.Release|Win32.ActiveCfg = Release|Win32
		{FFF4695D-9C03-456C-8DDB-60D9FF6C19FF}.Release|Win32.Build.0 = Release|Win32
		{E9A9CF62-16DA-409A-AB65-0B98507C4761}.Debug|Win32.ActiveCfg = Debug|Win32
		{E9A9CF62-16DA-409A-AB65-0B98507C4761}.Debug|Win32.Build.0 = Debug|Win32
		{E9A9CF62-16DA-409A-AB65-0B98507C4761}.Release|Win32.ActiveCfg = Release|Win32
		{E9A9CF62-16DA-409A-AB65-0B98507C4761}.Release|Win32.Build.0 = Release|Win32
		{8660C2FE-9874-432D-B047-E042BB41DBE0}.Debug|Win32.ActiveCfg = Debug|Win32
		{8660C2FE-9874-432D-B047-E042BB41DBE0}.Debug|Win32.Build.0 = Debug|Win32
		{8660C2FE-9874-432D-B047-E042BB41DBE0}.Release|Win32.ActiveCfg = Release|Win32
		{8660C2FE-9874-432D-B047-E042BB41DBE0}.Release|Win32.Build.0 = Release|Win32
		{9B3C8BD7-FDE8-410F-8541-E0E5720E1134}.Debug|Win32.ActiveCfg = Debug|Win32
		{9B3C8BD7-FDE8-410F-8541-E0E5720E1134}.Debug|Win32.Build.0 = Debug|Win32
		{9B3C8BD7-FDE8-410F-8541-E0E5720E1134}.Release|Win32.ActiveCfg = Release|Win32
		{9B3C8BD7-FDE8-410F-8541-E0E5720E1134}.Release|Win32.Build.0 = Release|Win32
	EndGlobalSection
	GlobalSection(SolutionProperties) = preSolution
		HideSolutionNode = FALSE
	EndGlobalSection
EndGlobal
