<?xml version="1.0" encoding="utf-8"?>
<Project ToolsVersion="4.0" xmlns="http://schemas.microsoft.com/developer/msbuild/2003">
  <ItemGroup>
    <Filter Include="Source Files">
      <UniqueIdentifier>{4FC737F1-C7A5-4376-A066-2A32D752A2FF}</UniqueIdentifier>
      <Extensions>cpp;c;cc;cxx;def;odl;idl;hpj;bat;asm;asmx</Extensions>
    </Filter>
    <Filter Include="Header Files">
      <UniqueIdentifier>{93995380-89BD-4b04-88EB-625FBE52EBFB}</UniqueIdentifier>
      <Extensions>h;hh;hpp;hxx;hm;inl;inc;xsd</Extensions>
    </Filter>
    <Filter Include="Resource Files">
      <UniqueIdentifier>{67DA6AB6-F800-4c08-8B7A-83BB121AAD01}</UniqueIdentifier>
      <Extensions>rc;ico;cur;bmp;dlg;rc2;rct;bin;rgs;gif;jpg;jpeg;jpe;resx;tiff;tif;png;wav;mfcribbon-ms</Extensions>
    </Filter>
  </ItemGroup>
  <ItemGroup>
    <ClInclude Include="$(OpenSSH-Src-Path)acss.h">
      <Filter>Header Files</Filter>
    </ClInclude>
    <ClInclude Include="$(OpenSSH-Src-Path)atomicio.h">
      <Filter>Header Files</Filter>
    </ClInclude>
    <ClInclude Include="$(OpenSSH-Src-Path)audit.h">
      <Filter>Header Files</Filter>
    </ClInclude>
    <ClInclude Include="$(OpenSSH-Src-Path)auth-options.h">
      <Filter>Header Files</Filter>
    </ClInclude>
    <ClInclude Include="$(OpenSSH-Src-Path)auth-pam.h">
      <Filter>Header Files</Filter>
    </ClInclude>
    <ClInclude Include="$(OpenSSH-Src-Path)auth-sia.h">
      <Filter>Header Files</Filter>
    </ClInclude>
    <ClInclude Include="$(OpenSSH-Src-Path)auth.h">
      <Filter>Header Files</Filter>
    </ClInclude>
    <ClInclude Include="$(OpenSSH-Src-Path)authfd.h">
      <Filter>Header Files</Filter>
    </ClInclude>
    <ClInclude Include="$(OpenSSH-Src-Path)authfile.h">
      <Filter>Header Files</Filter>
    </ClInclude>
    <ClInclude Include="$(OpenSSH-Src-Path)bitmap.h">
      <Filter>Header Files</Filter>
    </ClInclude>
    <ClInclude Include="$(OpenSSH-Src-Path)buffer.h">
      <Filter>Header Files</Filter>
    </ClInclude>
    <ClInclude Include="$(OpenSSH-Src-Path)canohost.h">
      <Filter>Header Files</Filter>
    </ClInclude>
    <ClInclude Include="$(OpenSSH-Src-Path)chacha.h">
      <Filter>Header Files</Filter>
    </ClInclude>
    <ClInclude Include="$(OpenSSH-Src-Path)channels.h">
      <Filter>Header Files</Filter>
    </ClInclude>
    <ClInclude Include="$(OpenSSH-Src-Path)cipher-aesctr.h">
      <Filter>Header Files</Filter>
    </ClInclude>
    <ClInclude Include="$(OpenSSH-Src-Path)cipher-chachapoly.h">
      <Filter>Header Files</Filter>
    </ClInclude>
    <ClInclude Include="$(OpenSSH-Src-Path)cipher.h">
      <Filter>Header Files</Filter>
    </ClInclude>
    <ClInclude Include="$(OpenSSH-Src-Path)clientloop.h">
      <Filter>Header Files</Filter>
    </ClInclude>
    <ClInclude Include="$(OpenSSH-Src-Path)compat.h">
      <Filter>Header Files</Filter>
    </ClInclude>
    <ClInclude Include="$(OpenSSH-Src-Path)compress.h">
      <Filter>Header Files</Filter>
    </ClInclude>
    <ClInclude Include="$(OpenSSH-Src-Path)crc32.h">
      <Filter>Header Files</Filter>
    </ClInclude>
    <ClInclude Include="$(OpenSSH-Src-Path)crypto_api.h">
      <Filter>Header Files</Filter>
    </ClInclude>
    <ClInclude Include="$(OpenSSH-Src-Path)deattack.h">
      <Filter>Header Files</Filter>
    </ClInclude>
    <ClInclude Include="$(OpenSSH-Src-Path)defines.h">
      <Filter>Header Files</Filter>
    </ClInclude>
    <ClInclude Include="$(OpenSSH-Src-Path)dh.h">
      <Filter>Header Files</Filter>
    </ClInclude>
    <ClInclude Include="$(OpenSSH-Src-Path)digest.h">
      <Filter>Header Files</Filter>
    </ClInclude>
    <ClInclude Include="$(OpenSSH-Src-Path)dispatch.h">
      <Filter>Header Files</Filter>
    </ClInclude>
    <ClInclude Include="$(OpenSSH-Src-Path)dns.h">
      <Filter>Header Files</Filter>
    </ClInclude>
    <ClInclude Include="$(OpenSSH-Src-Path)entropy.h">
      <Filter>Header Files</Filter>
    </ClInclude>
    <ClInclude Include="$(OpenSSH-Src-Path)fe25519.h">
      <Filter>Header Files</Filter>
    </ClInclude>
    <ClInclude Include="$(OpenSSH-Src-Path)ge25519.h">
      <Filter>Header Files</Filter>
    </ClInclude>
    <ClInclude Include="$(OpenSSH-Src-Path)groupaccess.h">
      <Filter>Header Files</Filter>
    </ClInclude>
    <ClInclude Include="$(OpenSSH-Src-Path)hmac.h">
      <Filter>Header Files</Filter>
    </ClInclude>
    <ClInclude Include="$(OpenSSH-Src-Path)hostfile.h">
      <Filter>Header Files</Filter>
    </ClInclude>
    <ClInclude Include="$(OpenSSH-Src-Path)jpake.h">
      <Filter>Header Files</Filter>
    </ClInclude>
    <ClInclude Include="$(OpenSSH-Src-Path)kerberos-sspi.h">
      <Filter>Header Files</Filter>
    </ClInclude>
    <ClInclude Include="$(OpenSSH-Src-Path)kex.h">
      <Filter>Header Files</Filter>
    </ClInclude>
    <ClInclude Include="$(OpenSSH-Src-Path)key.h">
      <Filter>Header Files</Filter>
    </ClInclude>
    <ClInclude Include="$(OpenSSH-Src-Path)krl.h">
      <Filter>Header Files</Filter>
    </ClInclude>
    <ClInclude Include="$(OpenSSH-Src-Path)log.h">
      <Filter>Header Files</Filter>
    </ClInclude>
    <ClInclude Include="$(OpenSSH-Src-Path)loginrec.h">
      <Filter>Header Files</Filter>
    </ClInclude>
    <ClInclude Include="$(OpenSSH-Src-Path)mac.h">
      <Filter>Header Files</Filter>
    </ClInclude>
    <ClInclude Include="$(OpenSSH-Src-Path)match.h">
      <Filter>Header Files</Filter>
    </ClInclude>
    <ClInclude Include="$(OpenSSH-Src-Path)md5crypt.h">
      <Filter>Header Files</Filter>
    </ClInclude>
    <ClInclude Include="$(OpenSSH-Src-Path)misc.h">
      <Filter>Header Files</Filter>
    </ClInclude>
    <ClInclude Include="$(OpenSSH-Src-Path)monitor.h">
      <Filter>Header Files</Filter>
    </ClInclude>
    <ClInclude Include="$(OpenSSH-Src-Path)monitor_fdpass.h">
      <Filter>Header Files</Filter>
    </ClInclude>
    <ClInclude Include="$(OpenSSH-Src-Path)monitor_mm.h">
      <Filter>Header Files</Filter>
    </ClInclude>
    <ClInclude Include="$(OpenSSH-Src-Path)monitor_wrap.h">
      <Filter>Header Files</Filter>
    </ClInclude>
    <ClInclude Include="$(OpenSSH-Src-Path)msg.h">
      <Filter>Header Files</Filter>
    </ClInclude>
    <ClInclude Include="$(OpenSSH-Src-Path)myproposal.h">
      <Filter>Header Files</Filter>
    </ClInclude>
    <ClInclude Include="$(OpenSSH-Src-Path)opacket.h">
      <Filter>Header Files</Filter>
    </ClInclude>
    <ClInclude Include="$(OpenSSH-Src-Path)packet.h">
      <Filter>Header Files</Filter>
    </ClInclude>
    <ClInclude Include="$(OpenSSH-Src-Path)pam.h">
      <Filter>Header Files</Filter>
    </ClInclude>
    <ClInclude Include="$(OpenSSH-Src-Path)pathnames.h">
      <Filter>Header Files</Filter>
    </ClInclude>
    <ClInclude Include="$(OpenSSH-Src-Path)pkcs11.h">
      <Filter>Header Files</Filter>
    </ClInclude>
    <ClInclude Include="$(OpenSSH-Src-Path)platform.h">
      <Filter>Header Files</Filter>
    </ClInclude>
    <ClInclude Include="$(OpenSSH-Src-Path)poly1305.h">
      <Filter>Header Files</Filter>
    </ClInclude>
    <ClInclude Include="$(OpenSSH-Src-Path)progressmeter.h">
      <Filter>Header Files</Filter>
    </ClInclude>
    <ClInclude Include="$(OpenSSH-Src-Path)readconf.h">
      <Filter>Header Files</Filter>
    </ClInclude>
    <ClInclude Include="$(OpenSSH-Src-Path)rijndael.h">
      <Filter>Header Files</Filter>
    </ClInclude>
    <ClInclude Include="$(OpenSSH-Src-Path)roaming.h">
      <Filter>Header Files</Filter>
    </ClInclude>
    <ClInclude Include="$(OpenSSH-Src-Path)rsa.h">
      <Filter>Header Files</Filter>
    </ClInclude>
    <ClInclude Include="$(OpenSSH-Src-Path)sc25519.h">
      <Filter>Header Files</Filter>
    </ClInclude>
    <ClInclude Include="$(OpenSSH-Src-Path)schnorr.h">
      <Filter>Header Files</Filter>
    </ClInclude>
    <ClInclude Include="$(OpenSSH-Src-Path)servconf.h">
      <Filter>Header Files</Filter>
    </ClInclude>
    <ClInclude Include="$(OpenSSH-Src-Path)serverloop.h">
      <Filter>Header Files</Filter>
    </ClInclude>
    <ClInclude Include="$(OpenSSH-Src-Path)session.h">
      <Filter>Header Files</Filter>
    </ClInclude>
    <ClInclude Include="$(OpenSSH-Src-Path)sftp-client.h">
      <Filter>Header Files</Filter>
    </ClInclude>
    <ClInclude Include="$(OpenSSH-Src-Path)sftp-common.h">
      <Filter>Header Files</Filter>
    </ClInclude>
    <ClInclude Include="$(OpenSSH-Src-Path)sftp.h">
      <Filter>Header Files</Filter>
    </ClInclude>
    <ClInclude Include="$(OpenSSH-Src-Path)ssh-gss.h">
      <Filter>Header Files</Filter>
    </ClInclude>
    <ClInclude Include="$(OpenSSH-Src-Path)ssh-pkcs11.h">
      <Filter>Header Files</Filter>
    </ClInclude>
    <ClInclude Include="$(OpenSSH-Src-Path)ssh-sandbox.h">
      <Filter>Header Files</Filter>
    </ClInclude>
    <ClInclude Include="$(OpenSSH-Src-Path)ssh.h">
      <Filter>Header Files</Filter>
    </ClInclude>
    <ClInclude Include="$(OpenSSH-Src-Path)ssh1.h">
      <Filter>Header Files</Filter>
    </ClInclude>
    <ClInclude Include="$(OpenSSH-Src-Path)ssh2.h">
      <Filter>Header Files</Filter>
    </ClInclude>
    <ClInclude Include="$(OpenSSH-Src-Path)sshbuf.h">
      <Filter>Header Files</Filter>
    </ClInclude>
    <ClInclude Include="$(OpenSSH-Src-Path)sshconnect.h">
      <Filter>Header Files</Filter>
    </ClInclude>
    <ClInclude Include="$(OpenSSH-Src-Path)ssherr.h">
      <Filter>Header Files</Filter>
    </ClInclude>
    <ClInclude Include="$(OpenSSH-Src-Path)sshkey.h">
      <Filter>Header Files</Filter>
    </ClInclude>
    <ClInclude Include="$(OpenSSH-Src-Path)sshlogin.h">
      <Filter>Header Files</Filter>
    </ClInclude>
    <ClInclude Include="$(OpenSSH-Src-Path)sshpty.h">
      <Filter>Header Files</Filter>
    </ClInclude>
    <ClInclude Include="$(OpenSSH-Src-Path)ssh_api.h">
      <Filter>Header Files</Filter>
    </ClInclude>
    <ClInclude Include="$(OpenSSH-Src-Path)ttymodes.h">
      <Filter>Header Files</Filter>
    </ClInclude>
    <ClInclude Include="$(OpenSSH-Src-Path)uidswap.h">
      <Filter>Header Files</Filter>
    </ClInclude>
    <ClInclude Include="$(OpenSSH-Src-Path)umac.h">
      <Filter>Header Files</Filter>
    </ClInclude>
    <ClInclude Include="$(OpenSSH-Src-Path)uuencode.h">
      <Filter>Header Files</Filter>
    </ClInclude>
    <ClInclude Include="$(OpenSSH-Src-Path)version.h">
      <Filter>Header Files</Filter>
    </ClInclude>
    <ClInclude Include="$(OpenSSH-Src-Path)xmalloc.h">
      <Filter>Header Files</Filter>
    </ClInclude>
  </ItemGroup>
  <ItemGroup>
    <ClCompile Include="$(OpenSSH-Src-Path)clientloop.c">
      <Filter>Source Files</Filter>
    </ClCompile>
    <ClCompile Include="$(OpenSSH-Src-Path)readconf.c">
      <Filter>Source Files</Filter>
    </ClCompile>
    <ClCompile Include="$(OpenSSH-Src-Path)ssh.c">
      <Filter>Source Files</Filter>
    </ClCompile>
    <ClCompile Include="$(OpenSSH-Src-Path)sshconnect.c">
      <Filter>Source Files</Filter>
    </ClCompile>
    <ClCompile Include="$(OpenSSH-Src-Path)sshconnect2.c">
      <Filter>Source Files</Filter>
    </ClCompile>
    <ClCompile Include="$(OpenSSH-Src-Path)contrib\win32\win32compat\wmain_common.c">
      <Filter>Source Files</Filter>
    </ClCompile>
    <ClCompile Include="$(OpenSSH-Src-Path)contrib\win32\win32compat\win32_sshtty.c">
      <Filter>Source Files</Filter>
    </ClCompile>
    <ClCompile Include="$(OpenSSH-Src-Path)contrib\win32\win32compat\win32-utf8.c">
      <Filter>Source Files</Filter>
    </ClCompile>
  </ItemGroup>
  <ItemGroup>
    <ResourceCompile Include="version.rc">
      <Filter>Resource Files</Filter>
    </ResourceCompile>
  </ItemGroup>
</Project>