<?xml version="1.0" encoding="utf-8"?>
<Project ToolsVersion="4.0" xmlns="http://schemas.microsoft.com/developer/msbuild/2003">
  <ItemGroup>
    <Filter Include="Source Files">
      <UniqueIdentifier>{4FC737F1-C7A5-4376-A066-2A32D752A2FF}</UniqueIdentifier>
      <Extensions>cpp;c;cc;cxx;def;odl;idl;hpj;bat;asm;asmx</Extensions>
    </Filter>
    <Filter Include="Header Files">
      <UniqueIdentifier>{93995380-89BD-4b04-88EB-625FBE52EBFB}</UniqueIdentifier>
      <Extensions>h;hh;hpp;hxx;hm;inl;inc;xsd</Extensions>
    </Filter>
    <Filter Include="Resource Files">
      <UniqueIdentifier>{67DA6AB6-F800-4c08-8B7A-83BB121AAD01}</UniqueIdentifier>
      <Extensions>rc;ico;cur;bmp;dlg;rc2;rct;bin;rgs;gif;jpg;jpeg;jpe;resx;tiff;tif;png;wav;mfcribbon-ms</Extensions>
    </Filter>
  </ItemGroup>
  <ItemGroup>
    <ClCompile Include="$(OpenSSH-Src-Path)audit-bsm.c">
      <Filter>Source Files</Filter>
    </ClCompile>
    <ClCompile Include="$(OpenSSH-Src-Path)audit-linux.c">
      <Filter>Source Files</Filter>
    </ClCompile>
    <ClCompile Include="$(OpenSSH-Src-Path)audit.c">
      <Filter>Source Files</Filter>
    </ClCompile>
    <ClCompile Include="$(OpenSSH-Src-Path)auth-bsdauth.c">
      <Filter>Source Files</Filter>
    </ClCompile>
    <ClCompile Include="$(OpenSSH-Src-Path)auth-krb5.c">
      <Filter>Source Files</Filter>
    </ClCompile>
    <ClCompile Include="$(OpenSSH-Src-Path)auth-options.c">
      <Filter>Source Files</Filter>
    </ClCompile>
    <ClCompile Include="$(OpenSSH-Src-Path)auth-pam.c">
      <Filter>Source Files</Filter>
    </ClCompile>
    <ClCompile Include="$(OpenSSH-Src-Path)auth-passwd.c">
      <Filter>Source Files</Filter>
    </ClCompile>
    <ClCompile Include="$(OpenSSH-Src-Path)auth-rhosts.c">
      <Filter>Source Files</Filter>
    </ClCompile>
    <ClCompile Include="$(OpenSSH-Src-Path)auth-shadow.c">
      <Filter>Source Files</Filter>
    </ClCompile>
    <ClCompile Include="$(OpenSSH-Src-Path)auth-sia.c">
      <Filter>Source Files</Filter>
    </ClCompile>
    <ClCompile Include="$(OpenSSH-Src-Path)auth-skey.c">
      <Filter>Source Files</Filter>
    </ClCompile>
    <ClCompile Include="$(OpenSSH-Src-Path)auth.c">
      <Filter>Source Files</Filter>
    </ClCompile>
    <ClCompile Include="$(OpenSSH-Src-Path)auth2-chall.c">
      <Filter>Source Files</Filter>
    </ClCompile>
    <ClCompile Include="$(OpenSSH-Src-Path)auth2-gss.c">
      <Filter>Source Files</Filter>
    </ClCompile>
    <ClCompile Include="$(OpenSSH-Src-Path)auth2-hostbased.c">
      <Filter>Source Files</Filter>
    </ClCompile>
    <ClCompile Include="$(OpenSSH-Src-Path)auth2-kbdint.c">
      <Filter>Source Files</Filter>
    </ClCompile>
    <ClCompile Include="$(OpenSSH-Src-Path)auth2-none.c">
      <Filter>Source Files</Filter>
    </ClCompile>
    <ClCompile Include="$(OpenSSH-Src-Path)auth2-passwd.c">
      <Filter>Source Files</Filter>
    </ClCompile>
    <ClCompile Include="$(OpenSSH-Src-Path)auth2-pubkey.c">
      <Filter>Source Files</Filter>
    </ClCompile>
    <ClCompile Include="$(OpenSSH-Src-Path)auth2.c">
      <Filter>Source Files</Filter>
    </ClCompile>
    <ClCompile Include="$(OpenSSH-Src-Path)gss-serv-krb5.c">
      <Filter>Source Files</Filter>
    </ClCompile>
    <ClCompile Include="$(OpenSSH-Src-Path)gss-serv.c">
      <Filter>Source Files</Filter>
    </ClCompile>
    <ClCompile Include="$(OpenSSH-Src-Path)kexdhs.c">
      <Filter>Source Files</Filter>
    </ClCompile>
    <ClCompile Include="$(OpenSSH-Src-Path)kexecdhs.c">
      <Filter>Source Files</Filter>
    </ClCompile>
    <ClCompile Include="$(OpenSSH-Src-Path)loginrec.c">
      <Filter>Source Files</Filter>
    </ClCompile>
    <ClCompile Include="$(OpenSSH-Src-Path)md5crypt.c">
      <Filter>Source Files</Filter>
    </ClCompile>
    <ClCompile Include="$(OpenSSH-Src-Path)monitor.c">
      <Filter>Source Files</Filter>
    </ClCompile>
    <ClCompile Include="$(OpenSSH-Src-Path)monitor_wrap.c">
      <Filter>Source Files</Filter>
    </ClCompile>
    <ClCompile Include="$(OpenSSH-Src-Path)platform.c">
      <Filter>Source Files</Filter>
    </ClCompile>
    <ClCompile Include="$(OpenSSH-Src-Path)sandbox-capsicum.c">
      <Filter>Source Files</Filter>
    </ClCompile>
    <ClCompile Include="$(OpenSSH-Src-Path)sandbox-darwin.c">
      <Filter>Source Files</Filter>
    </ClCompile>
    <ClCompile Include="$(OpenSSH-Src-Path)sandbox-null.c">
      <Filter>Source Files</Filter>
    </ClCompile>
    <ClCompile Include="$(OpenSSH-Src-Path)sandbox-rlimit.c">
      <Filter>Source Files</Filter>
    </ClCompile>
    <ClCompile Include="$(OpenSSH-Src-Path)sandbox-seccomp-filter.c">
      <Filter>Source Files</Filter>
    </ClCompile>
    <ClCompile Include="$(OpenSSH-Src-Path)sandbox-systrace.c">
      <Filter>Source Files</Filter>
    </ClCompile>
    <ClCompile Include="$(OpenSSH-Src-Path)servconf.c">
      <Filter>Source Files</Filter>
    </ClCompile>
    <ClCompile Include="$(OpenSSH-Src-Path)serverloop.c">
      <Filter>Source Files</Filter>
    </ClCompile>
    <ClCompile Include="$(OpenSSH-Src-Path)session.c">
      <Filter>Source Files</Filter>
    </ClCompile>
    <ClCompile Include="$(OpenSSH-Src-Path)sftp-common.c">
      <Filter>Source Files</Filter>
    </ClCompile>
    <ClCompile Include="$(OpenSSH-Src-Path)sshd.c">
      <Filter>Source Files</Filter>
    </ClCompile>
    <ClCompile Include="$(OpenSSH-Src-Path)sshlogin.c">
      <Filter>Source Files</Filter>
    </ClCompile>
    <ClCompile Include="$(OpenSSH-Src-Path)contrib\win32\win32compat\wmain_sshd.c">
      <Filter>Source Files</Filter>
    </ClCompile>
    <ClCompile Include="$(OpenSSH-Src-Path)groupaccess.c">
      <Filter>Source Files</Filter>
    </ClCompile>
    <ClCompile Include="$(OpenSSH-Src-Path)contrib\win32\win32compat\win32_sshpty.c">
      <Filter>Source Files</Filter>
    </ClCompile>
    <ClCompile Include="$(OpenSSH-Src-Path)contrib\win32\win32compat\win32_monitor_wrap.c">
      <Filter>Source Files</Filter>
    </ClCompile>
    <ClCompile Include="$(OpenSSH-Src-Path)contrib\win32\win32compat\logonuser.c">
      <Filter>Source Files</Filter>
    </ClCompile>
  </ItemGroup>
  <ItemGroup>
    <ResourceCompile Include="version.rc">
      <Filter>Resource Files</Filter>
    </ResourceCompile>
  </ItemGroup>
</Project>