
Microsoft Visual Studio Solution File, Format Version 12.00
# Visual Studio 14
VisualStudioVersion = 14.0.25123.0
MinimumVisualStudioVersion = 10.0.40219.1
Project("{8BC9CEB8-8B4A-11D0-8D11-00A0C91BC942}") = "ssh", "ssh.vcxproj", "{74E69D5E-A1EF-46EA-9173-19A412774104}"
	ProjectSection(ProjectDependencies) = postProject
		{05E1115F-8529-46D0-AAAF-52A404CE79A7} = {05E1115F-8529-46D0-AAAF-52A404CE79A7}
		{8F9D3B74-8D33-448E-9762-26E8DCC6B2F4} = {8F9D3B74-8D33-448E-9762-26E8DCC6B2F4}
		{DD483F7D-C553-4740-BC1A-903805AD0174} = {DD483F7D-C553-4740-BC1A-903805AD0174}
		{0D02F0F0-013B-4EE3-906D-86517F3822C0} = {0D02F0F0-013B-4EE3-906D-86517F3822C0}
	EndProjectSection
EndProject
Project("{8BC9CEB8-8B4A-11D0-8D11-00A0C91BC942}") = "libssh", "libssh.vcxproj", "{05E1115F-8529-46D0-AAAF-52A404CE79A7}"
	ProjectSection(ProjectDependencies) = postProject
		{8F9D3B74-8D33-448E-9762-26E8DCC6B2F4} = {8F9D3B74-8D33-448E-9762-26E8DCC6B2F4}
	EndProjectSection
EndProject
Project("{8BC9CEB8-8B4A-11D0-8D11-00A0C91BC942}") = "openbsd_compat", "openbsd_compat.vcxproj", "{DD483F7D-C553-4740-BC1A-903805AD0174}"
	ProjectSection(ProjectDependencies) = postProject
		{8F9D3B74-8D33-448E-9762-26E8DCC6B2F4} = {8F9D3B74-8D33-448E-9762-26E8DCC6B2F4}
	EndProjectSection
EndProject
Project("{8BC9CEB8-8B4A-11D0-8D11-00A0C91BC942}") = "ssh-keygen", "keygen.vcxproj", "{47496135-131B-41D6-BF2B-EE7144873DD0}"
	ProjectSection(ProjectDependencies) = postProject
		{05E1115F-8529-46D0-AAAF-52A404CE79A7} = {05E1115F-8529-46D0-AAAF-52A404CE79A7}
		{8F9D3B74-8D33-448E-9762-26E8DCC6B2F4} = {8F9D3B74-8D33-448E-9762-26E8DCC6B2F4}
		{DD483F7D-C553-4740-BC1A-903805AD0174} = {DD483F7D-C553-4740-BC1A-903805AD0174}
		{0D02F0F0-013B-4EE3-906D-86517F3822C0} = {0D02F0F0-013B-4EE3-906D-86517F3822C0}
	EndProjectSection
EndProject
Project("{8BC9CEB8-8B4A-11D0-8D11-00A0C91BC942}") = "sftp", "sftp.vcxproj", "{BBEFF9D7-0BC3-41D1-908B-8052158B5052}"
	ProjectSection(ProjectDependencies) = postProject
		{05E1115F-8529-46D0-AAAF-52A404CE79A7} = {05E1115F-8529-46D0-AAAF-52A404CE79A7}
		{8F9D3B74-8D33-448E-9762-26E8DCC6B2F4} = {8F9D3B74-8D33-448E-9762-26E8DCC6B2F4}
		{DD483F7D-C553-4740-BC1A-903805AD0174} = {DD483F7D-C553-4740-BC1A-903805AD0174}
		{0D02F0F0-013B-4EE3-906D-86517F3822C0} = {0D02F0F0-013B-4EE3-906D-86517F3822C0}
	EndProjectSection
EndProject
Project("{8BC9CEB8-8B4A-11D0-8D11-00A0C91BC942}") = "sftp-server", "sftp-server.vcxproj", "{6657614F-7821-4D55-96EF-7C3C4B551880}"
	ProjectSection(ProjectDependencies) = postProject
		{05E1115F-8529-46D0-AAAF-52A404CE79A7} = {05E1115F-8529-46D0-AAAF-52A404CE79A7}
		{8F9D3B74-8D33-448E-9762-26E8DCC6B2F4} = {8F9D3B74-8D33-448E-9762-26E8DCC6B2F4}
		{DD483F7D-C553-4740-BC1A-903805AD0174} = {DD483F7D-C553-4740-BC1A-903805AD0174}
		{0D02F0F0-013B-4EE3-906D-86517F3822C0} = {0D02F0F0-013B-4EE3-906D-86517F3822C0}
	EndProjectSection
EndProject
Project("{8BC9CEB8-8B4A-11D0-8D11-00A0C91BC942}") = "sshd", "sshd.vcxproj", "{F58FF6BA-098B-4DB9-9609-A030DFB4D03F}"
	ProjectSection(ProjectDependencies) = postProject
		{05E1115F-8529-46D0-AAAF-52A404CE79A7} = {05E1115F-8529-46D0-AAAF-52A404CE79A7}
		{8F9D3B74-8D33-448E-9762-26E8DCC6B2F4} = {8F9D3B74-8D33-448E-9762-26E8DCC6B2F4}
		{DD483F7D-C553-4740-BC1A-903805AD0174} = {DD483F7D-C553-4740-BC1A-903805AD0174}
		{0D02F0F0-013B-4EE3-906D-86517F3822C0} = {0D02F0F0-013B-4EE3-906D-86517F3822C0}
	EndProjectSection
EndProject
Project("{8BC9CEB8-8B4A-11D0-8D11-00A0C91BC942}") = "config", "config.vcxproj", "{8F9D3B74-8D33-448E-9762-26E8DCC6B2F4}"
EndProject
Project("{8BC9CEB8-8B4A-11D0-8D11-00A0C91BC942}") = "ssh-lsa", "ssh-lsa.vcxproj", "{02FB3D98-6516-42C6-9762-98811A99960F}"
	ProjectSection(ProjectDependencies) = postProject
		{8F9D3B74-8D33-448E-9762-26E8DCC6B2F4} = {8F9D3B74-8D33-448E-9762-26E8DCC6B2F4}
	EndProjectSection
EndProject
Project("{8BC9CEB8-8B4A-11D0-8D11-00A0C91BC942}") = "posix_compat", "win32iocompat.vcxproj", "{0D02F0F0-013B-4EE3-906D-86517F3822C0}"
	ProjectSection(ProjectDependencies) = postProject
		{8F9D3B74-8D33-448E-9762-26E8DCC6B2F4} = {8F9D3B74-8D33-448E-9762-26E8DCC6B2F4}
	EndProjectSection
EndProject
Project("{8BC9CEB8-8B4A-11D0-8D11-00A0C91BC942}") = "ssh-shellhost", "ssh-shellhost.vcxproj", "{C0AE8A30-E4FA-49CE-A2B5-0C072C77EC64}"
	ProjectSection(ProjectDependencies) = postProject
		{8F9D3B74-8D33-448E-9762-26E8DCC6B2F4} = {8F9D3B74-8D33-448E-9762-26E8DCC6B2F4}
	EndProjectSection
EndProject
Project("{8BC9CEB8-8B4A-11D0-8D11-00A0C91BC942}") = "ssh-agent", "ssh-agent.vcxproj", "{F6644EC5-D6B6-42A1-828C-75E2977470E0}"
	ProjectSection(ProjectDependencies) = postProject
		{05E1115F-8529-46D0-AAAF-52A404CE79A7} = {05E1115F-8529-46D0-AAAF-52A404CE79A7}
		{8F9D3B74-8D33-448E-9762-26E8DCC6B2F4} = {8F9D3B74-8D33-448E-9762-26E8DCC6B2F4}
		{DD483F7D-C553-4740-BC1A-903805AD0174} = {DD483F7D-C553-4740-BC1A-903805AD0174}
		{0D02F0F0-013B-4EE3-906D-86517F3822C0} = {0D02F0F0-013B-4EE3-906D-86517F3822C0}
	EndProjectSection
EndProject
Project("{8BC9CEB8-8B4A-11D0-8D11-00A0C91BC942}") = "ssh-add", "ssh-add.vcxproj", "{029797FF-C986-43DE-95CD-2E771E86AEBC}"
	ProjectSection(ProjectDependencies) = postProject
		{05E1115F-8529-46D0-AAAF-52A404CE79A7} = {05E1115F-8529-46D0-AAAF-52A404CE79A7}
		{8F9D3B74-8D33-448E-9762-26E8DCC6B2F4} = {8F9D3B74-8D33-448E-9762-26E8DCC6B2F4}
		{DD483F7D-C553-4740-BC1A-903805AD0174} = {DD483F7D-C553-4740-BC1A-903805AD0174}
		{0D02F0F0-013B-4EE3-906D-86517F3822C0} = {0D02F0F0-013B-4EE3-906D-86517F3822C0}
	EndProjectSection
EndProject
Project("{8BC9CEB8-8B4A-11D0-8D11-00A0C91BC942}") = "scp", "scp.vcxproj", "{29B98ADF-1285-49CE-BF6C-AA92C5D2FB24}"
	ProjectSection(ProjectDependencies) = postProject
		{05E1115F-8529-46D0-AAAF-52A404CE79A7} = {05E1115F-8529-46D0-AAAF-52A404CE79A7}
		{8F9D3B74-8D33-448E-9762-26E8DCC6B2F4} = {8F9D3B74-8D33-448E-9762-26E8DCC6B2F4}
		{DD483F7D-C553-4740-BC1A-903805AD0174} = {DD483F7D-C553-4740-BC1A-903805AD0174}
		{0D02F0F0-013B-4EE3-906D-86517F3822C0} = {0D02F0F0-013B-4EE3-906D-86517F3822C0}
	EndProjectSection
EndProject
Project("{8BC9CEB8-8B4A-11D0-8D11-00A0C91BC942}") = "unittest-bitmap", "unittest-bitmap.vcxproj", "{D901596E-76C7-4608-9CFA-2B42A9FD7250}"
	ProjectSection(ProjectDependencies) = postProject
		{05E1115F-8529-46D0-AAAF-52A404CE79A7} = {05E1115F-8529-46D0-AAAF-52A404CE79A7}
		{8F9D3B74-8D33-448E-9762-26E8DCC6B2F4} = {8F9D3B74-8D33-448E-9762-26E8DCC6B2F4}
		{DD483F7D-C553-4740-BC1A-903805AD0174} = {DD483F7D-C553-4740-BC1A-903805AD0174}
		{0D02F0F0-013B-4EE3-906D-86517F3822C0} = {0D02F0F0-013B-4EE3-906D-86517F3822C0}
	EndProjectSection
EndProject
Project("{8BC9CEB8-8B4A-11D0-8D11-00A0C91BC942}") = "unittest-kex", "unittest-kex.vcxproj", "{8EC56B06-5A9A-4D6D-804D-037FE26FD43E}"
	ProjectSection(ProjectDependencies) = postProject
		{05E1115F-8529-46D0-AAAF-52A404CE79A7} = {05E1115F-8529-46D0-AAAF-52A404CE79A7}
		{8F9D3B74-8D33-448E-9762-26E8DCC6B2F4} = {8F9D3B74-8D33-448E-9762-26E8DCC6B2F4}
		{DD483F7D-C553-4740-BC1A-903805AD0174} = {DD483F7D-C553-4740-BC1A-903805AD0174}
		{0D02F0F0-013B-4EE3-906D-86517F3822C0} = {0D02F0F0-013B-4EE3-906D-86517F3822C0}
	EndProjectSection
EndProject
Project("{8BC9CEB8-8B4A-11D0-8D11-00A0C91BC942}") = "unittest-sshbuf", "unittest-sshbuf.vcxproj", "{CD9740CE-C96E-49B3-823F-012E09D17806}"
	ProjectSection(ProjectDependencies) = postProject
		{05E1115F-8529-46D0-AAAF-52A404CE79A7} = {05E1115F-8529-46D0-AAAF-52A404CE79A7}
		{DD483F7D-C553-4740-BC1A-903805AD0174} = {DD483F7D-C553-4740-BC1A-903805AD0174}
		{0D02F0F0-013B-4EE3-906D-86517F3822C0} = {0D02F0F0-013B-4EE3-906D-86517F3822C0}
	EndProjectSection
EndProject
Project("{8BC9CEB8-8B4A-11D0-8D11-00A0C91BC942}") = "unittest-win32compat", "unittest-win32compat.vcxproj", "{BF295BA9-4BF8-43F8-8CBF-FAE84815466C}"
	ProjectSection(ProjectDependencies) = postProject
		{05E1115F-8529-46D0-AAAF-52A404CE79A7} = {05E1115F-8529-46D0-AAAF-52A404CE79A7}
		{8F9D3B74-8D33-448E-9762-26E8DCC6B2F4} = {8F9D3B74-8D33-448E-9762-26E8DCC6B2F4}
		{DD483F7D-C553-4740-BC1A-903805AD0174} = {DD483F7D-C553-4740-BC1A-903805AD0174}
		{0D02F0F0-013B-4EE3-906D-86517F3822C0} = {0D02F0F0-013B-4EE3-906D-86517F3822C0}
	EndProjectSection
EndProject
Project("{8BC9CEB8-8B4A-11D0-8D11-00A0C91BC942}") = "unittest-utf8", "unittest-utf8.vcxproj", "{114CAA59-46C0-4B87-BA86-C1946A68101D}"
	ProjectSection(ProjectDependencies) = postProject
		{05E1115F-8529-46D0-AAAF-52A404CE79A7} = {05E1115F-8529-46D0-AAAF-52A404CE79A7}
		{8F9D3B74-8D33-448E-9762-26E8DCC6B2F4} = {8F9D3B74-8D33-448E-9762-26E8DCC6B2F4}
		{DD483F7D-C553-4740-BC1A-903805AD0174} = {DD483F7D-C553-4740-BC1A-903805AD0174}
		{0D02F0F0-013B-4EE3-906D-86517F3822C0} = {0D02F0F0-013B-4EE3-906D-86517F3822C0}
	EndProjectSection
EndProject
Project("{8BC9CEB8-8B4A-11D0-8D11-00A0C91BC942}") = "unittest-hostkeys", "unittest-hostkeys.vcxproj", "{890C6129-286F-4CD8-8252-FB8D3B4E6E1B}"
	ProjectSection(ProjectDependencies) = postProject
		{05E1115F-8529-46D0-AAAF-52A404CE79A7} = {05E1115F-8529-46D0-AAAF-52A404CE79A7}
		{8F9D3B74-8D33-448E-9762-26E8DCC6B2F4} = {8F9D3B74-8D33-448E-9762-26E8DCC6B2F4}
		{DD483F7D-C553-4740-BC1A-903805AD0174} = {DD483F7D-C553-4740-BC1A-903805AD0174}
		{0D02F0F0-013B-4EE3-906D-86517F3822C0} = {0D02F0F0-013B-4EE3-906D-86517F3822C0}
	EndProjectSection
EndProject
Project("{8BC9CEB8-8B4A-11D0-8D11-00A0C91BC942}") = "unittest-sshkey", "unittest-sshkey.vcxproj", "{FC568FF0-60F2-4B2E-AF62-FD392EDBA1B9}"
	ProjectSection(ProjectDependencies) = postProject
		{05E1115F-8529-46D0-AAAF-52A404CE79A7} = {05E1115F-8529-46D0-AAAF-52A404CE79A7}
		{8F9D3B74-8D33-448E-9762-26E8DCC6B2F4} = {8F9D3B74-8D33-448E-9762-26E8DCC6B2F4}
		{DD483F7D-C553-4740-BC1A-903805AD0174} = {DD483F7D-C553-4740-BC1A-903805AD0174}
		{0D02F0F0-013B-4EE3-906D-86517F3822C0} = {0D02F0F0-013B-4EE3-906D-86517F3822C0}
	EndProjectSection
EndProject
Project("{2150E333-8FDC-42A3-9474-1A3956D46DE8}") = "core", "core", "{17322AAF-808F-4646-AD37-5B0EDDCB8F3E}"
EndProject
Project("{2150E333-8FDC-42A3-9474-1A3956D46DE8}") = "test", "test", "{A8096E32-E084-4FA0-AE01-A8D909EB2BB4}"
EndProject
Project("{8BC9CEB8-8B4A-11D0-8D11-00A0C91BC942}") = "unittest-match", "unittest-match.vcxproj", "{484A8CDE-B949-4BDA-B447-74685C8E032F}"
	ProjectSection(ProjectDependencies) = postProject
		{05E1115F-8529-46D0-AAAF-52A404CE79A7} = {05E1115F-8529-46D0-AAAF-52A404CE79A7}
		{8F9D3B74-8D33-448E-9762-26E8DCC6B2F4} = {8F9D3B74-8D33-448E-9762-26E8DCC6B2F4}
		{DD483F7D-C553-4740-BC1A-903805AD0174} = {DD483F7D-C553-4740-BC1A-903805AD0174}
		{0D02F0F0-013B-4EE3-906D-86517F3822C0} = {0D02F0F0-013B-4EE3-906D-86517F3822C0}
	EndProjectSection
EndProject
Global
	GlobalSection(SolutionConfigurationPlatforms) = preSolution
		Debug|x64 = Debug|x64
		Debug|x86 = Debug|x86
		Release|x64 = Release|x64
		Release|x86 = Release|x86
	EndGlobalSection
	GlobalSection(ProjectConfigurationPlatforms) = postSolution
		{74E69D5E-A1EF-46EA-9173-19A412774104}.Debug|x64.ActiveCfg = Debug|x64
		{74E69D5E-A1EF-46EA-9173-19A412774104}.Debug|x64.Build.0 = Debug|x64
		{74E69D5E-A1EF-46EA-9173-19A412774104}.Debug|x86.ActiveCfg = Debug|Win32
		{74E69D5E-A1EF-46EA-9173-19A412774104}.Debug|x86.Build.0 = Debug|Win32
		{74E69D5E-A1EF-46EA-9173-19A412774104}.Release|x64.ActiveCfg = Release|x64
		{74E69D5E-A1EF-46EA-9173-19A412774104}.Release|x64.Build.0 = Release|x64
		{74E69D5E-A1EF-46EA-9173-19A412774104}.Release|x86.ActiveCfg = Release|Win32
		{74E69D5E-A1EF-46EA-9173-19A412774104}.Release|x86.Build.0 = Release|Win32
		{05E1115F-8529-46D0-AAAF-52A404CE79A7}.Debug|x64.ActiveCfg = Debug|x64
		{05E1115F-8529-46D0-AAAF-52A404CE79A7}.Debug|x64.Build.0 = Debug|x64
		{05E1115F-8529-46D0-AAAF-52A404CE79A7}.Debug|x86.ActiveCfg = Debug|Win32
		{05E1115F-8529-46D0-AAAF-52A404CE79A7}.Debug|x86.Build.0 = Debug|Win32
		{05E1115F-8529-46D0-AAAF-52A404CE79A7}.Release|x64.ActiveCfg = Release|x64
		{05E1115F-8529-46D0-AAAF-52A404CE79A7}.Release|x64.Build.0 = Release|x64
		{05E1115F-8529-46D0-AAAF-52A404CE79A7}.Release|x86.ActiveCfg = Release|Win32
		{05E1115F-8529-46D0-AAAF-52A404CE79A7}.Release|x86.Build.0 = Release|Win32
		{DD483F7D-C553-4740-BC1A-903805AD0174}.Debug|x64.ActiveCfg = Debug|x64
		{DD483F7D-C553-4740-BC1A-903805AD0174}.Debug|x64.Build.0 = Debug|x64
		{DD483F7D-C553-4740-BC1A-903805AD0174}.Debug|x86.ActiveCfg = Debug|Win32
		{DD483F7D-C553-4740-BC1A-903805AD0174}.Debug|x86.Build.0 = Debug|Win32
		{DD483F7D-C553-4740-BC1A-903805AD0174}.Release|x64.ActiveCfg = Release|x64
		{DD483F7D-C553-4740-BC1A-903805AD0174}.Release|x64.Build.0 = Release|x64
		{DD483F7D-C553-4740-BC1A-903805AD0174}.Release|x86.ActiveCfg = Release|Win32
		{DD483F7D-C553-4740-BC1A-903805AD0174}.Release|x86.Build.0 = Release|Win32
		{47496135-131B-41D6-BF2B-EE7144873DD0}.Debug|x64.ActiveCfg = Debug|x64
		{47496135-131B-41D6-BF2B-EE7144873DD0}.Debug|x64.Build.0 = Debug|x64
		{47496135-131B-41D6-BF2B-EE7144873DD0}.Debug|x86.ActiveCfg = Debug|Win32
		{47496135-131B-41D6-BF2B-EE7144873DD0}.Debug|x86.Build.0 = Debug|Win32
		{47496135-131B-41D6-BF2B-EE7144873DD0}.Release|x64.ActiveCfg = Release|x64
		{47496135-131B-41D6-BF2B-EE7144873DD0}.Release|x64.Build.0 = Release|x64
		{47496135-131B-41D6-BF2B-EE7144873DD0}.Release|x86.ActiveCfg = Release|Win32
		{47496135-131B-41D6-BF2B-EE7144873DD0}.Release|x86.Build.0 = Release|Win32
		{BBEFF9D7-0BC3-41D1-908B-8052158B5052}.Debug|x64.ActiveCfg = Debug|x64
		{BBEFF9D7-0BC3-41D1-908B-8052158B5052}.Debug|x64.Build.0 = Debug|x64
		{BBEFF9D7-0BC3-41D1-908B-8052158B5052}.Debug|x86.ActiveCfg = Debug|Win32
		{BBEFF9D7-0BC3-41D1-908B-8052158B5052}.Debug|x86.Build.0 = Debug|Win32
		{BBEFF9D7-0BC3-41D1-908B-8052158B5052}.Release|x64.ActiveCfg = Release|x64
		{BBEFF9D7-0BC3-41D1-908B-8052158B5052}.Release|x64.Build.0 = Release|x64
		{BBEFF9D7-0BC3-41D1-908B-8052158B5052}.Release|x86.ActiveCfg = Release|Win32
		{BBEFF9D7-0BC3-41D1-908B-8052158B5052}.Release|x86.Build.0 = Release|Win32
		{6657614F-7821-4D55-96EF-7C3C4B551880}.Debug|x64.ActiveCfg = Debug|x64
		{6657614F-7821-4D55-96EF-7C3C4B551880}.Debug|x64.Build.0 = Debug|x64
		{6657614F-7821-4D55-96EF-7C3C4B551880}.Debug|x86.ActiveCfg = Debug|Win32
		{6657614F-7821-4D55-96EF-7C3C4B551880}.Debug|x86.Build.0 = Debug|Win32
		{6657614F-7821-4D55-96EF-7C3C4B551880}.Release|x64.ActiveCfg = Release|x64
		{6657614F-7821-4D55-96EF-7C3C4B551880}.Release|x64.Build.0 = Release|x64
		{6657614F-7821-4D55-96EF-7C3C4B551880}.Release|x86.ActiveCfg = Release|Win32
		{6657614F-7821-4D55-96EF-7C3C4B551880}.Release|x86.Build.0 = Release|Win32
		{F58FF6BA-098B-4DB9-9609-A030DFB4D03F}.Debug|x64.ActiveCfg = Debug|x64
		{F58FF6BA-098B-4DB9-9609-A030DFB4D03F}.Debug|x64.Build.0 = Debug|x64
		{F58FF6BA-098B-4DB9-9609-A030DFB4D03F}.Debug|x86.ActiveCfg = Debug|Win32
		{F58FF6BA-098B-4DB9-9609-A030DFB4D03F}.Debug|x86.Build.0 = Debug|Win32
		{F58FF6BA-098B-4DB9-9609-A030DFB4D03F}.Release|x64.ActiveCfg = Release|x64
		{F58FF6BA-098B-4DB9-9609-A030DFB4D03F}.Release|x64.Build.0 = Release|x64
		{F58FF6BA-098B-4DB9-9609-A030DFB4D03F}.Release|x86.ActiveCfg = Release|Win32
		{F58FF6BA-098B-4DB9-9609-A030DFB4D03F}.Release|x86.Build.0 = Release|Win32
		{8F9D3B74-8D33-448E-9762-26E8DCC6B2F4}.Debug|x64.ActiveCfg = Debug|x64
		{8F9D3B74-8D33-448E-9762-26E8DCC6B2F4}.Debug|x64.Build.0 = Debug|x64
		{8F9D3B74-8D33-448E-9762-26E8DCC6B2F4}.Debug|x86.ActiveCfg = Debug|Win32
		{8F9D3B74-8D33-448E-9762-26E8DCC6B2F4}.Debug|x86.Build.0 = Debug|Win32
		{8F9D3B74-8D33-448E-9762-26E8DCC6B2F4}.Release|x64.ActiveCfg = Release|x64
		{8F9D3B74-8D33-448E-9762-26E8DCC6B2F4}.Release|x64.Build.0 = Release|x64
		{8F9D3B74-8D33-448E-9762-26E8DCC6B2F4}.Release|x86.ActiveCfg = Release|Win32
		{8F9D3B74-8D33-448E-9762-26E8DCC6B2F4}.Release|x86.Build.0 = Release|Win32
		{02FB3D98-6516-42C6-9762-98811A99960F}.Debug|x64.ActiveCfg = Debug|x64
		{02FB3D98-6516-42C6-9762-98811A99960F}.Debug|x64.Build.0 = Debug|x64
		{02FB3D98-6516-42C6-9762-98811A99960F}.Debug|x86.ActiveCfg = Debug|Win32
		{02FB3D98-6516-42C6-9762-98811A99960F}.Debug|x86.Build.0 = Debug|Win32
		{02FB3D98-6516-42C6-9762-98811A99960F}.Release|x64.ActiveCfg = Release|x64
		{02FB3D98-6516-42C6-9762-98811A99960F}.Release|x64.Build.0 = Release|x64
		{02FB3D98-6516-42C6-9762-98811A99960F}.Release|x86.ActiveCfg = Release|Win32
		{02FB3D98-6516-42C6-9762-98811A99960F}.Release|x86.Build.0 = Release|Win32
		{0D02F0F0-013B-4EE3-906D-86517F3822C0}.Debug|x64.ActiveCfg = Debug|x64
		{0D02F0F0-013B-4EE3-906D-86517F3822C0}.Debug|x64.Build.0 = Debug|x64
		{0D02F0F0-013B-4EE3-906D-86517F3822C0}.Debug|x86.ActiveCfg = Debug|Win32
		{0D02F0F0-013B-4EE3-906D-86517F3822C0}.Debug|x86.Build.0 = Debug|Win32
		{0D02F0F0-013B-4EE3-906D-86517F3822C0}.Release|x64.ActiveCfg = Release|x64
		{0D02F0F0-013B-4EE3-906D-86517F3822C0}.Release|x64.Build.0 = Release|x64
		{0D02F0F0-013B-4EE3-906D-86517F3822C0}.Release|x86.ActiveCfg = Release|Win32
		{0D02F0F0-013B-4EE3-906D-86517F3822C0}.Release|x86.Build.0 = Release|Win32
		{C0AE8A30-E4FA-49CE-A2B5-0C072C77EC64}.Debug|x64.ActiveCfg = Debug|x64
		{C0AE8A30-E4FA-49CE-A2B5-0C072C77EC64}.Debug|x64.Build.0 = Debug|x64
		{C0AE8A30-E4FA-49CE-A2B5-0C072C77EC64}.Debug|x86.ActiveCfg = Debug|Win32
		{C0AE8A30-E4FA-49CE-A2B5-0C072C77EC64}.Debug|x86.Build.0 = Debug|Win32
		{C0AE8A30-E4FA-49CE-A2B5-0C072C77EC64}.Release|x64.ActiveCfg = Release|x64
		{C0AE8A30-E4FA-49CE-A2B5-0C072C77EC64}.Release|x64.Build.0 = Release|x64
		{C0AE8A30-E4FA-49CE-A2B5-0C072C77EC64}.Release|x86.ActiveCfg = Release|Win32
		{C0AE8A30-E4FA-49CE-A2B5-0C072C77EC64}.Release|x86.Build.0 = Release|Win32
		{F6644EC5-D6B6-42A1-828C-75E2977470E0}.Debug|x64.ActiveCfg = Debug|x64
		{F6644EC5-D6B6-42A1-828C-75E2977470E0}.Debug|x64.Build.0 = Debug|x64
		{F6644EC5-D6B6-42A1-828C-75E2977470E0}.Debug|x86.ActiveCfg = Debug|Win32
		{F6644EC5-D6B6-42A1-828C-75E2977470E0}.Debug|x86.Build.0 = Debug|Win32
		{F6644EC5-D6B6-42A1-828C-75E2977470E0}.Release|x64.ActiveCfg = Release|x64
		{F6644EC5-D6B6-42A1-828C-75E2977470E0}.Release|x64.Build.0 = Release|x64
		{F6644EC5-D6B6-42A1-828C-75E2977470E0}.Release|x86.ActiveCfg = Release|Win32
		{F6644EC5-D6B6-42A1-828C-75E2977470E0}.Release|x86.Build.0 = Release|Win32
		{029797FF-C986-43DE-95CD-2E771E86AEBC}.Debug|x64.ActiveCfg = Debug|x64
		{029797FF-C986-43DE-95CD-2E771E86AEBC}.Debug|x64.Build.0 = Debug|x64
		{029797FF-C986-43DE-95CD-2E771E86AEBC}.Debug|x86.ActiveCfg = Debug|Win32
		{029797FF-C986-43DE-95CD-2E771E86AEBC}.Debug|x86.Build.0 = Debug|Win32
		{029797FF-C986-43DE-95CD-2E771E86AEBC}.Release|x64.ActiveCfg = Release|x64
		{029797FF-C986-43DE-95CD-2E771E86AEBC}.Release|x64.Build.0 = Release|x64
		{029797FF-C986-43DE-95CD-2E771E86AEBC}.Release|x86.ActiveCfg = Release|Win32
		{029797FF-C986-43DE-95CD-2E771E86AEBC}.Release|x86.Build.0 = Release|Win32
		{29B98ADF-1285-49CE-BF6C-AA92C5D2FB24}.Debug|x64.ActiveCfg = Debug|x64
		{29B98ADF-1285-49CE-BF6C-AA92C5D2FB24}.Debug|x64.Build.0 = Debug|x64
		{29B98ADF-1285-49CE-BF6C-AA92C5D2FB24}.Debug|x86.ActiveCfg = Debug|Win32
		{29B98ADF-1285-49CE-BF6C-AA92C5D2FB24}.Debug|x86.Build.0 = Debug|Win32
		{29B98ADF-1285-49CE-BF6C-AA92C5D2FB24}.Release|x64.ActiveCfg = Release|x64
		{29B98ADF-1285-49CE-BF6C-AA92C5D2FB24}.Release|x64.Build.0 = Release|x64
		{29B98ADF-1285-49CE-BF6C-AA92C5D2FB24}.Release|x86.ActiveCfg = Release|Win32
		{29B98ADF-1285-49CE-BF6C-AA92C5D2FB24}.Release|x86.Build.0 = Release|Win32
		{D901596E-76C7-4608-9CFA-2B42A9FD7250}.Debug|x64.ActiveCfg = Debug|x64
		{D901596E-76C7-4608-9CFA-2B42A9FD7250}.Debug|x64.Build.0 = Debug|x64
		{D901596E-76C7-4608-9CFA-2B42A9FD7250}.Debug|x86.ActiveCfg = Debug|Win32
		{D901596E-76C7-4608-9CFA-2B42A9FD7250}.Debug|x86.Build.0 = Debug|Win32
		{D901596E-76C7-4608-9CFA-2B42A9FD7250}.Release|x64.ActiveCfg = Release|x64
		{D901596E-76C7-4608-9CFA-2B42A9FD7250}.Release|x64.Build.0 = Release|x64
		{D901596E-76C7-4608-9CFA-2B42A9FD7250}.Release|x86.ActiveCfg = Release|Win32
		{D901596E-76C7-4608-9CFA-2B42A9FD7250}.Release|x86.Build.0 = Release|Win32
		{8EC56B06-5A9A-4D6D-804D-037FE26FD43E}.Debug|x64.ActiveCfg = Debug|x64
		{8EC56B06-5A9A-4D6D-804D-037FE26FD43E}.Debug|x64.Build.0 = Debug|x64
		{8EC56B06-5A9A-4D6D-804D-037FE26FD43E}.Debug|x86.ActiveCfg = Debug|Win32
		{8EC56B06-5A9A-4D6D-804D-037FE26FD43E}.Debug|x86.Build.0 = Debug|Win32
		{8EC56B06-5A9A-4D6D-804D-037FE26FD43E}.Release|x64.ActiveCfg = Release|x64
		{8EC56B06-5A9A-4D6D-804D-037FE26FD43E}.Release|x64.Build.0 = Release|x64
		{8EC56B06-5A9A-4D6D-804D-037FE26FD43E}.Release|x86.ActiveCfg = Release|Win32
		{8EC56B06-5A9A-4D6D-804D-037FE26FD43E}.Release|x86.Build.0 = Release|Win32
		{CD9740CE-C96E-49B3-823F-012E09D17806}.Debug|x64.ActiveCfg = Debug|x64
		{CD9740CE-C96E-49B3-823F-012E09D17806}.Debug|x64.Build.0 = Debug|x64
		{CD9740CE-C96E-49B3-823F-012E09D17806}.Debug|x86.ActiveCfg = Debug|Win32
		{CD9740CE-C96E-49B3-823F-012E09D17806}.Debug|x86.Build.0 = Debug|Win32
		{CD9740CE-C96E-49B3-823F-012E09D17806}.Release|x64.ActiveCfg = Release|x64
		{CD9740CE-C96E-49B3-823F-012E09D17806}.Release|x64.Build.0 = Release|x64
		{CD9740CE-C96E-49B3-823F-012E09D17806}.Release|x86.ActiveCfg = Release|Win32
		{CD9740CE-C96E-49B3-823F-012E09D17806}.Release|x86.Build.0 = Release|Win32
		{BF295BA9-4BF8-43F8-8CBF-FAE84815466C}.Debug|x64.ActiveCfg = Debug|x64
		{BF295BA9-4BF8-43F8-8CBF-FAE84815466C}.Debug|x64.Build.0 = Debug|x64
		{BF295BA9-4BF8-43F8-8CBF-FAE84815466C}.Debug|x86.ActiveCfg = Debug|Win32
		{BF295BA9-4BF8-43F8-8CBF-FAE84815466C}.Debug|x86.Build.0 = Debug|Win32
		{BF295BA9-4BF8-43F8-8CBF-FAE84815466C}.Release|x64.ActiveCfg = Release|x64
		{BF295BA9-4BF8-43F8-8CBF-FAE84815466C}.Release|x64.Build.0 = Release|x64
		{BF295BA9-4BF8-43F8-8CBF-FAE84815466C}.Release|x86.ActiveCfg = Release|Win32
		{BF295BA9-4BF8-43F8-8CBF-FAE84815466C}.Release|x86.Build.0 = Release|Win32
		{114CAA59-46C0-4B87-BA86-C1946A68101D}.Debug|x64.ActiveCfg = Debug|x64
		{114CAA59-46C0-4B87-BA86-C1946A68101D}.Debug|x64.Build.0 = Debug|x64
		{114CAA59-46C0-4B87-BA86-C1946A68101D}.Debug|x86.ActiveCfg = Debug|Win32
		{114CAA59-46C0-4B87-BA86-C1946A68101D}.Debug|x86.Build.0 = Debug|Win32
		{114CAA59-46C0-4B87-BA86-C1946A68101D}.Release|x64.ActiveCfg = Release|x64
		{114CAA59-46C0-4B87-BA86-C1946A68101D}.Release|x64.Build.0 = Release|x64
		{114CAA59-46C0-4B87-BA86-C1946A68101D}.Release|x86.ActiveCfg = Release|Win32
		{114CAA59-46C0-4B87-BA86-C1946A68101D}.Release|x86.Build.0 = Release|Win32
		{890C6129-286F-4CD8-8252-FB8D3B4E6E1B}.Debug|x64.ActiveCfg = Debug|x64
		{890C6129-286F-4CD8-8252-FB8D3B4E6E1B}.Debug|x64.Build.0 = Debug|x64
		{890C6129-286F-4CD8-8252-FB8D3B4E6E1B}.Debug|x86.ActiveCfg = Debug|Win32
		{890C6129-286F-4CD8-8252-FB8D3B4E6E1B}.Debug|x86.Build.0 = Debug|Win32
		{890C6129-286F-4CD8-8252-FB8D3B4E6E1B}.Release|x64.ActiveCfg = Release|x64
		{890C6129-286F-4CD8-8252-FB8D3B4E6E1B}.Release|x64.Build.0 = Release|x64
		{890C6129-286F-4CD8-8252-FB8D3B4E6E1B}.Release|x86.ActiveCfg = Release|Win32
		{890C6129-286F-4CD8-8252-FB8D3B4E6E1B}.Release|x86.Build.0 = Release|Win32
		{FC568FF0-60F2-4B2E-AF62-FD392EDBA1B9}.Debug|x64.ActiveCfg = Debug|x64
		{FC568FF0-60F2-4B2E-AF62-FD392EDBA1B9}.Debug|x64.Build.0 = Debug|x64
		{FC568FF0-60F2-4B2E-AF62-FD392EDBA1B9}.Debug|x86.ActiveCfg = Debug|Win32
		{FC568FF0-60F2-4B2E-AF62-FD392EDBA1B9}.Debug|x86.Build.0 = Debug|Win32
		{FC568FF0-60F2-4B2E-AF62-FD392EDBA1B9}.Release|x64.ActiveCfg = Release|x64
		{FC568FF0-60F2-4B2E-AF62-FD392EDBA1B9}.Release|x64.Build.0 = Release|x64
		{FC568FF0-60F2-4B2E-AF62-FD392EDBA1B9}.Release|x86.ActiveCfg = Release|Win32
		{FC568FF0-60F2-4B2E-AF62-FD392EDBA1B9}.Release|x86.Build.0 = Release|Win32
		{484A8CDE-B949-4BDA-B447-74685C8E032F}.Debug|x64.ActiveCfg = Debug|x64
		{484A8CDE-B949-4BDA-B447-74685C8E032F}.Debug|x64.Build.0 = Debug|x64
		{484A8CDE-B949-4BDA-B447-74685C8E032F}.Debug|x86.ActiveCfg = Debug|Win32
		{484A8CDE-B949-4BDA-B447-74685C8E032F}.Debug|x86.Build.0 = Debug|Win32
		{484A8CDE-B949-4BDA-B447-74685C8E032F}.Release|x64.ActiveCfg = Release|x64
		{484A8CDE-B949-4BDA-B447-74685C8E032F}.Release|x64.Build.0 = Release|x64
		{484A8CDE-B949-4BDA-B447-74685C8E032F}.Release|x86.ActiveCfg = Release|Win32
		{484A8CDE-B949-4BDA-B447-74685C8E032F}.Release|x86.Build.0 = Release|Win32
	EndGlobalSection
	GlobalSection(SolutionProperties) = preSolution
		HideSolutionNode = FALSE
	EndGlobalSection
	GlobalSection(NestedProjects) = preSolution
		{74E69D5E-A1EF-46EA-9173-19A412774104} = {17322AAF-808F-4646-AD37-5B0EDDCB8F3E}
		{05E1115F-8529-46D0-AAAF-52A404CE79A7} = {17322AAF-808F-4646-AD37-5B0EDDCB8F3E}
		{DD483F7D-C553-4740-BC1A-903805AD0174} = {17322AAF-808F-4646-AD37-5B0EDDCB8F3E}
		{47496135-131B-41D6-BF2B-EE7144873DD0} = {17322AAF-808F-4646-AD37-5B0EDDCB8F3E}
		{BBEFF9D7-0BC3-41D1-908B-8052158B5052} = {17322AAF-808F-4646-AD37-5B0EDDCB8F3E}
		{6657614F-7821-4D55-96EF-7C3C4B551880} = {17322AAF-808F-4646-AD37-5B0EDDCB8F3E}
		{F58FF6BA-098B-4DB9-9609-A030DFB4D03F} = {17322AAF-808F-4646-AD37-5B0EDDCB8F3E}
		{8F9D3B74-8D33-448E-9762-26E8DCC6B2F4} = {17322AAF-808F-4646-AD37-5B0EDDCB8F3E}
		{02FB3D98-6516-42C6-9762-98811A99960F} = {17322AAF-808F-4646-AD37-5B0EDDCB8F3E}
		{0D02F0F0-013B-4EE3-906D-86517F3822C0} = {17322AAF-808F-4646-AD37-5B0EDDCB8F3E}
		{C0AE8A30-E4FA-49CE-A2B5-0C072C77EC64} = {17322AAF-808F-4646-AD37-5B0EDDCB8F3E}
		{F6644EC5-D6B6-42A1-828C-75E2977470E0} = {17322AAF-808F-4646-AD37-5B0EDDCB8F3E}
		{029797FF-C986-43DE-95CD-2E771E86AEBC} = {17322AAF-808F-4646-AD37-5B0EDDCB8F3E}
		{29B98ADF-1285-49CE-BF6C-AA92C5D2FB24} = {17322AAF-808F-4646-AD37-5B0EDDCB8F3E}
		{D901596E-76C7-4608-9CFA-2B42A9FD7250} = {A8096E32-E084-4FA0-AE01-A8D909EB2BB4}
		{8EC56B06-5A9A-4D6D-804D-037FE26FD43E} = {A8096E32-E084-4FA0-AE01-A8D909EB2BB4}
		{CD9740CE-C96E-49B3-823F-012E09D17806} = {A8096E32-E084-4FA0-AE01-A8D909EB2BB4}
		{BF295BA9-4BF8-43F8-8CBF-FAE84815466C} = {A8096E32-E084-4FA0-AE01-A8D909EB2BB4}
		{114CAA59-46C0-4B87-BA86-C1946A68101D} = {A8096E32-E084-4FA0-AE01-A8D909EB2BB4}
		{890C6129-286F-4CD8-8252-FB8D3B4E6E1B} = {A8096E32-E084-4FA0-AE01-A8D909EB2BB4}
		{FC568FF0-60F2-4B2E-AF62-FD392EDBA1B9} = {A8096E32-E084-4FA0-AE01-A8D909EB2BB4}
		{484A8CDE-B949-4BDA-B447-74685C8E032F} = {A8096E32-E084-4FA0-AE01-A8D909EB2BB4}
	EndGlobalSection
EndGlobal
