
Microsoft Visual Studio Solution File, Format Version 12.00
# Visual Studio 14
VisualStudioVersion = 14.0.23107.0
MinimumVisualStudioVersion = 10.0.40219.1
Project("{8BC9CEB8-8B4A-11D0-8D11-00A0C91BC942}") = "ssh", "ssh.vcxproj", "{74E69D5E-A1EF-46EA-9173-19A412774104}"
	ProjectSection(ProjectDependencies) = postProject
		{05E1115F-8529-46D0-AAAF-52A404CE79A7} = {05E1115F-8529-46D0-AAAF-52A404CE79A7}
		{DD483F7D-C553-4740-BC1A-903805AD0174} = {DD483F7D-C553-4740-BC1A-903805AD0174}
		{8660C2FE-9874-432D-B047-E042BB41DBE0} = {8660C2FE-9874-432D-B047-E042BB41DBE0}
	EndProjectSection
EndProject
Project("{8BC9CEB8-8B4A-11D0-8D11-00A0C91BC942}") = "win32compat", "win32compat.vcxproj", "{8660C2FE-9874-432D-B047-E042BB41DBE0}"
EndProject
Project("{8BC9CEB8-8B4A-11D0-8D11-00A0C91BC942}") = "libssh", "libssh.vcxproj", "{05E1115F-8529-46D0-AAAF-52A404CE79A7}"
EndProject
Project("{8BC9CEB8-8B4A-11D0-8D11-00A0C91BC942}") = "openbsd_compat", "openbsd_compat.vcxproj", "{DD483F7D-C553-4740-BC1A-903805AD0174}"
EndProject
Project("{8BC9CEB8-8B4A-11D0-8D11-00A0C91BC942}") = "ssh-keygen", "keygen.vcxproj", "{47496135-131B-41D6-BF2B-EE7144873DD0}"
	ProjectSection(ProjectDependencies) = postProject
		{05E1115F-8529-46D0-AAAF-52A404CE79A7} = {05E1115F-8529-46D0-AAAF-52A404CE79A7}
		{DD483F7D-C553-4740-BC1A-903805AD0174} = {DD483F7D-C553-4740-BC1A-903805AD0174}
		{8660C2FE-9874-432D-B047-E042BB41DBE0} = {8660C2FE-9874-432D-B047-E042BB41DBE0}
	EndProjectSection
EndProject
Project("{8BC9CEB8-8B4A-11D0-8D11-00A0C91BC942}") = "sftp", "sftp.vcxproj", "{BBEFF9D7-0BC3-41D1-908B-8052158B5052}"
	ProjectSection(ProjectDependencies) = postProject
		{05E1115F-8529-46D0-AAAF-52A404CE79A7} = {05E1115F-8529-46D0-AAAF-52A404CE79A7}
		{DD483F7D-C553-4740-BC1A-903805AD0174} = {DD483F7D-C553-4740-BC1A-903805AD0174}
		{8660C2FE-9874-432D-B047-E042BB41DBE0} = {8660C2FE-9874-432D-B047-E042BB41DBE0}
	EndProjectSection
EndProject
Project("{8BC9CEB8-8B4A-11D0-8D11-00A0C91BC942}") = "ssh-add", "ssh-add.vcxproj", "{029797FF-C986-43DE-95CD-2E771E86AEBC}"
	ProjectSection(ProjectDependencies) = postProject
		{05E1115F-8529-46D0-AAAF-52A404CE79A7} = {05E1115F-8529-46D0-AAAF-52A404CE79A7}
		{DD483F7D-C553-4740-BC1A-903805AD0174} = {DD483F7D-C553-4740-BC1A-903805AD0174}
		{8660C2FE-9874-432D-B047-E042BB41DBE0} = {8660C2FE-9874-432D-B047-E042BB41DBE0}
	EndProjectSection
EndProject
Project("{8BC9CEB8-8B4A-11D0-8D11-00A0C91BC942}") = "ssh-agent", "ssh-agent.vcxproj", "{02E88337-C701-453B-90D8-31988C276937}"
	ProjectSection(ProjectDependencies) = postProject
		{05E1115F-8529-46D0-AAAF-52A404CE79A7} = {05E1115F-8529-46D0-AAAF-52A404CE79A7}
		{DD483F7D-C553-4740-BC1A-903805AD0174} = {DD483F7D-C553-4740-BC1A-903805AD0174}
		{8660C2FE-9874-432D-B047-E042BB41DBE0} = {8660C2FE-9874-432D-B047-E042BB41DBE0}
	EndProjectSection
EndProject
Project("{8BC9CEB8-8B4A-11D0-8D11-00A0C91BC942}") = "ssh-pkcs11-helper", "ssh-pkcs11-helper.vcxproj", "{C3C50D2E-7A16-43A9-8A4B-F67CEA1B634F}"
	ProjectSection(ProjectDependencies) = postProject
		{05E1115F-8529-46D0-AAAF-52A404CE79A7} = {05E1115F-8529-46D0-AAAF-52A404CE79A7}
		{DD483F7D-C553-4740-BC1A-903805AD0174} = {DD483F7D-C553-4740-BC1A-903805AD0174}
		{8660C2FE-9874-432D-B047-E042BB41DBE0} = {8660C2FE-9874-432D-B047-E042BB41DBE0}
	EndProjectSection
EndProject
Project("{8BC9CEB8-8B4A-11D0-8D11-00A0C91BC942}") = "sftp-server", "sftp-server.vcxproj", "{6657614F-7821-4D55-96EF-7C3C4B551880}"
	ProjectSection(ProjectDependencies) = postProject
		{05E1115F-8529-46D0-AAAF-52A404CE79A7} = {05E1115F-8529-46D0-AAAF-52A404CE79A7}
		{DD483F7D-C553-4740-BC1A-903805AD0174} = {DD483F7D-C553-4740-BC1A-903805AD0174}
		{8660C2FE-9874-432D-B047-E042BB41DBE0} = {8660C2FE-9874-432D-B047-E042BB41DBE0}
	EndProjectSection
EndProject
Project("{8BC9CEB8-8B4A-11D0-8D11-00A0C91BC942}") = "ssh-keyscan", "ssh-keyscan.vcxproj", "{D6A23380-8970-4E05-B132-A61283CCE588}"
	ProjectSection(ProjectDependencies) = postProject
		{05E1115F-8529-46D0-AAAF-52A404CE79A7} = {05E1115F-8529-46D0-AAAF-52A404CE79A7}
		{DD483F7D-C553-4740-BC1A-903805AD0174} = {DD483F7D-C553-4740-BC1A-903805AD0174}
		{8660C2FE-9874-432D-B047-E042BB41DBE0} = {8660C2FE-9874-432D-B047-E042BB41DBE0}
	EndProjectSection
EndProject
Project("{8BC9CEB8-8B4A-11D0-8D11-00A0C91BC942}") = "ssh-keysign", "ssh-keysign.vcxproj", "{23B9D630-B86E-410D-9B39-CBDEF1AD4F52}"
	ProjectSection(ProjectDependencies) = postProject
		{05E1115F-8529-46D0-AAAF-52A404CE79A7} = {05E1115F-8529-46D0-AAAF-52A404CE79A7}
		{DD483F7D-C553-4740-BC1A-903805AD0174} = {DD483F7D-C553-4740-BC1A-903805AD0174}
		{8660C2FE-9874-432D-B047-E042BB41DBE0} = {8660C2FE-9874-432D-B047-E042BB41DBE0}
	EndProjectSection
EndProject
Project("{8BC9CEB8-8B4A-11D0-8D11-00A0C91BC942}") = "sshd", "sshd.vcxproj", "{F58FF6BA-098B-4DB9-9609-A030DFB4D03F}"
	ProjectSection(ProjectDependencies) = postProject
		{05E1115F-8529-46D0-AAAF-52A404CE79A7} = {05E1115F-8529-46D0-AAAF-52A404CE79A7}
		{DD483F7D-C553-4740-BC1A-903805AD0174} = {DD483F7D-C553-4740-BC1A-903805AD0174}
		{8660C2FE-9874-432D-B047-E042BB41DBE0} = {8660C2FE-9874-432D-B047-E042BB41DBE0}
	EndProjectSection
EndProject
Global
	GlobalSection(SolutionConfigurationPlatforms) = preSolution
		Debug|x64 = Debug|x64
		Debug|x86 = Debug|x86
		Release|x64 = Release|x64
		Release|x86 = Release|x86
	EndGlobalSection
	GlobalSection(ProjectConfigurationPlatforms) = postSolution
		{74E69D5E-A1EF-46EA-9173-19A412774104}.Debug|x64.ActiveCfg = Debug|x64
		{74E69D5E-A1EF-46EA-9173-19A412774104}.Debug|x64.Build.0 = Debug|x64
		{74E69D5E-A1EF-46EA-9173-19A412774104}.Debug|x86.ActiveCfg = Debug|Win32
		{74E69D5E-A1EF-46EA-9173-19A412774104}.Debug|x86.Build.0 = Debug|Win32
		{74E69D5E-A1EF-46EA-9173-19A412774104}.Release|x64.ActiveCfg = Release|x64
		{74E69D5E-A1EF-46EA-9173-19A412774104}.Release|x64.Build.0 = Release|x64
		{74E69D5E-A1EF-46EA-9173-19A412774104}.Release|x86.ActiveCfg = Release|Win32
		{74E69D5E-A1EF-46EA-9173-19A412774104}.Release|x86.Build.0 = Release|Win32
		{8660C2FE-9874-432D-B047-E042BB41DBE0}.Debug|x64.ActiveCfg = Debug|x64
		{8660C2FE-9874-432D-B047-E042BB41DBE0}.Debug|x64.Build.0 = Debug|x64
		{8660C2FE-9874-432D-B047-E042BB41DBE0}.Debug|x86.ActiveCfg = Debug|Win32
		{8660C2FE-9874-432D-B047-E042BB41DBE0}.Debug|x86.Build.0 = Debug|Win32
		{8660C2FE-9874-432D-B047-E042BB41DBE0}.Release|x64.ActiveCfg = Release|x64
		{8660C2FE-9874-432D-B047-E042BB41DBE0}.Release|x64.Build.0 = Release|x64
		{8660C2FE-9874-432D-B047-E042BB41DBE0}.Release|x86.ActiveCfg = Release|Win32
		{8660C2FE-9874-432D-B047-E042BB41DBE0}.Release|x86.Build.0 = Release|Win32
		{05E1115F-8529-46D0-AAAF-52A404CE79A7}.Debug|x64.ActiveCfg = Debug|x64
		{05E1115F-8529-46D0-AAAF-52A404CE79A7}.Debug|x64.Build.0 = Debug|x64
		{05E1115F-8529-46D0-AAAF-52A404CE79A7}.Debug|x86.ActiveCfg = Debug|Win32
		{05E1115F-8529-46D0-AAAF-52A404CE79A7}.Debug|x86.Build.0 = Debug|Win32
		{05E1115F-8529-46D0-AAAF-52A404CE79A7}.Release|x64.ActiveCfg = Release|x64
		{05E1115F-8529-46D0-AAAF-52A404CE79A7}.Release|x64.Build.0 = Release|x64
		{05E1115F-8529-46D0-AAAF-52A404CE79A7}.Release|x86.ActiveCfg = Release|Win32
		{05E1115F-8529-46D0-AAAF-52A404CE79A7}.Release|x86.Build.0 = Release|Win32
		{DD483F7D-C553-4740-BC1A-903805AD0174}.Debug|x64.ActiveCfg = Debug|x64
		{DD483F7D-C553-4740-BC1A-903805AD0174}.Debug|x64.Build.0 = Debug|x64
		{DD483F7D-C553-4740-BC1A-903805AD0174}.Debug|x86.ActiveCfg = Debug|Win32
		{DD483F7D-C553-4740-BC1A-903805AD0174}.Debug|x86.Build.0 = Debug|Win32
		{DD483F7D-C553-4740-BC1A-903805AD0174}.Release|x64.ActiveCfg = Release|x64
		{DD483F7D-C553-4740-BC1A-903805AD0174}.Release|x64.Build.0 = Release|x64
		{DD483F7D-C553-4740-BC1A-903805AD0174}.Release|x86.ActiveCfg = Release|Win32
		{DD483F7D-C553-4740-BC1A-903805AD0174}.Release|x86.Build.0 = Release|Win32
		{47496135-131B-41D6-BF2B-EE7144873DD0}.Debug|x64.ActiveCfg = Debug|x64
		{47496135-131B-41D6-BF2B-EE7144873DD0}.Debug|x64.Build.0 = Debug|x64
		{47496135-131B-41D6-BF2B-EE7144873DD0}.Debug|x86.ActiveCfg = Debug|Win32
		{47496135-131B-41D6-BF2B-EE7144873DD0}.Debug|x86.Build.0 = Debug|Win32
		{47496135-131B-41D6-BF2B-EE7144873DD0}.Release|x64.ActiveCfg = Release|x64
		{47496135-131B-41D6-BF2B-EE7144873DD0}.Release|x64.Build.0 = Release|x64
		{47496135-131B-41D6-BF2B-EE7144873DD0}.Release|x86.ActiveCfg = Release|Win32
		{47496135-131B-41D6-BF2B-EE7144873DD0}.Release|x86.Build.0 = Release|Win32
		{BBEFF9D7-0BC3-41D1-908B-8052158B5052}.Debug|x64.ActiveCfg = Debug|x64
		{BBEFF9D7-0BC3-41D1-908B-8052158B5052}.Debug|x64.Build.0 = Debug|x64
		{BBEFF9D7-0BC3-41D1-908B-8052158B5052}.Debug|x86.ActiveCfg = Debug|Win32
		{BBEFF9D7-0BC3-41D1-908B-8052158B5052}.Debug|x86.Build.0 = Debug|Win32
		{BBEFF9D7-0BC3-41D1-908B-8052158B5052}.Release|x64.ActiveCfg = Release|x64
		{BBEFF9D7-0BC3-41D1-908B-8052158B5052}.Release|x64.Build.0 = Release|x64
		{BBEFF9D7-0BC3-41D1-908B-8052158B5052}.Release|x86.ActiveCfg = Release|Win32
		{BBEFF9D7-0BC3-41D1-908B-8052158B5052}.Release|x86.Build.0 = Release|Win32
		{029797FF-C986-43DE-95CD-2E771E86AEBC}.Debug|x64.ActiveCfg = Debug|x64
		{029797FF-C986-43DE-95CD-2E771E86AEBC}.Debug|x64.Build.0 = Debug|x64
		{029797FF-C986-43DE-95CD-2E771E86AEBC}.Debug|x86.ActiveCfg = Debug|Win32
		{029797FF-C986-43DE-95CD-2E771E86AEBC}.Debug|x86.Build.0 = Debug|Win32
		{029797FF-C986-43DE-95CD-2E771E86AEBC}.Release|x64.ActiveCfg = Release|x64
		{029797FF-C986-43DE-95CD-2E771E86AEBC}.Release|x64.Build.0 = Release|x64
		{029797FF-C986-43DE-95CD-2E771E86AEBC}.Release|x86.ActiveCfg = Release|Win32
		{029797FF-C986-43DE-95CD-2E771E86AEBC}.Release|x86.Build.0 = Release|Win32
		{02E88337-C701-453B-90D8-31988C276937}.Debug|x64.ActiveCfg = Debug|x64
		{02E88337-C701-453B-90D8-31988C276937}.Debug|x64.Build.0 = Debug|x64
		{02E88337-C701-453B-90D8-31988C276937}.Debug|x86.ActiveCfg = Debug|Win32
		{02E88337-C701-453B-90D8-31988C276937}.Debug|x86.Build.0 = Debug|Win32
		{02E88337-C701-453B-90D8-31988C276937}.Release|x64.ActiveCfg = Release|x64
		{02E88337-C701-453B-90D8-31988C276937}.Release|x64.Build.0 = Release|x64
		{02E88337-C701-453B-90D8-31988C276937}.Release|x86.ActiveCfg = Release|Win32
		{02E88337-C701-453B-90D8-31988C276937}.Release|x86.Build.0 = Release|Win32
		{C3C50D2E-7A16-43A9-8A4B-F67CEA1B634F}.Debug|x64.ActiveCfg = Debug|x64
		{C3C50D2E-7A16-43A9-8A4B-F67CEA1B634F}.Debug|x64.Build.0 = Debug|x64
		{C3C50D2E-7A16-43A9-8A4B-F67CEA1B634F}.Debug|x86.ActiveCfg = Debug|Win32
		{C3C50D2E-7A16-43A9-8A4B-F67CEA1B634F}.Debug|x86.Build.0 = Debug|Win32
		{C3C50D2E-7A16-43A9-8A4B-F67CEA1B634F}.Release|x64.ActiveCfg = Release|x64
		{C3C50D2E-7A16-43A9-8A4B-F67CEA1B634F}.Release|x64.Build.0 = Release|x64
		{C3C50D2E-7A16-43A9-8A4B-F67CEA1B634F}.Release|x86.ActiveCfg = Release|Win32
		{C3C50D2E-7A16-43A9-8A4B-F67CEA1B634F}.Release|x86.Build.0 = Release|Win32
		{6657614F-7821-4D55-96EF-7C3C4B551880}.Debug|x64.ActiveCfg = Debug|x64
		{6657614F-7821-4D55-96EF-7C3C4B551880}.Debug|x64.Build.0 = Debug|x64
		{6657614F-7821-4D55-96EF-7C3C4B551880}.Debug|x86.ActiveCfg = Debug|Win32
		{6657614F-7821-4D55-96EF-7C3C4B551880}.Debug|x86.Build.0 = Debug|Win32
		{6657614F-7821-4D55-96EF-7C3C4B551880}.Release|x64.ActiveCfg = Release|x64
		{6657614F-7821-4D55-96EF-7C3C4B551880}.Release|x64.Build.0 = Release|x64
		{6657614F-7821-4D55-96EF-7C3C4B551880}.Release|x86.ActiveCfg = Release|Win32
		{6657614F-7821-4D55-96EF-7C3C4B551880}.Release|x86.Build.0 = Release|Win32
		{D6A23380-8970-4E05-B132-A61283CCE588}.Debug|x64.ActiveCfg = Debug|x64
		{D6A23380-8970-4E05-B132-A61283CCE588}.Debug|x64.Build.0 = Debug|x64
		{D6A23380-8970-4E05-B132-A61283CCE588}.Debug|x86.ActiveCfg = Debug|Win32
		{D6A23380-8970-4E05-B132-A61283CCE588}.Debug|x86.Build.0 = Debug|Win32
		{D6A23380-8970-4E05-B132-A61283CCE588}.Release|x64.ActiveCfg = Release|x64
		{D6A23380-8970-4E05-B132-A61283CCE588}.Release|x64.Build.0 = Release|x64
		{D6A23380-8970-4E05-B132-A61283CCE588}.Release|x86.ActiveCfg = Release|Win32
		{D6A23380-8970-4E05-B132-A61283CCE588}.Release|x86.Build.0 = Release|Win32
		{23B9D630-B86E-410D-9B39-CBDEF1AD4F52}.Debug|x64.ActiveCfg = Debug|x64
		{23B9D630-B86E-410D-9B39-CBDEF1AD4F52}.Debug|x64.Build.0 = Debug|x64
		{23B9D630-B86E-410D-9B39-CBDEF1AD4F52}.Debug|x86.ActiveCfg = Debug|Win32
		{23B9D630-B86E-410D-9B39-CBDEF1AD4F52}.Debug|x86.Build.0 = Debug|Win32
		{23B9D630-B86E-410D-9B39-CBDEF1AD4F52}.Release|x64.ActiveCfg = Release|x64
		{23B9D630-B86E-410D-9B39-CBDEF1AD4F52}.Release|x64.Build.0 = Release|x64
		{23B9D630-B86E-410D-9B39-CBDEF1AD4F52}.Release|x86.ActiveCfg = Release|Win32
		{23B9D630-B86E-410D-9B39-CBDEF1AD4F52}.Release|x86.Build.0 = Release|Win32
		{F58FF6BA-098B-4DB9-9609-A030DFB4D03F}.Debug|x64.ActiveCfg = Debug|x64
		{F58FF6BA-098B-4DB9-9609-A030DFB4D03F}.Debug|x64.Build.0 = Debug|x64
		{F58FF6BA-098B-4DB9-9609-A030DFB4D03F}.Debug|x86.ActiveCfg = Debug|Win32
		{F58FF6BA-098B-4DB9-9609-A030DFB4D03F}.Debug|x86.Build.0 = Debug|Win32
		{F58FF6BA-098B-4DB9-9609-A030DFB4D03F}.Release|x64.ActiveCfg = Release|x64
		{F58FF6BA-098B-4DB9-9609-A030DFB4D03F}.Release|x64.Build.0 = Release|x64
		{F58FF6BA-098B-4DB9-9609-A030DFB4D03F}.Release|x86.ActiveCfg = Release|Win32
		{F58FF6BA-098B-4DB9-9609-A030DFB4D03F}.Release|x86.Build.0 = Release|Win32
	EndGlobalSection
	GlobalSection(SolutionProperties) = preSolution
		HideSolutionNode = FALSE
	EndGlobalSection
EndGlobal
