<?xml version="1.0" encoding="utf-8"?>
<Project ToolsVersion="4.0" xmlns="http://schemas.microsoft.com/developer/msbuild/2003">
  <ItemGroup>
    <ClCompile Include="$(OpenSSH-Src-Path)\contrib\win32\win32compat\w32fd.c" />
    <ClCompile Include="$(OpenSSH-Src-Path)\contrib\win32\win32compat\signal.c" />
    <ClCompile Include="$(OpenSSH-Src-Path)\contrib\win32\win32compat\socketio.c" />
    <ClCompile Include="$(OpenSSH-Src-Path)\contrib\win32\win32compat\fileio.c" />
    <ClCompile Include="$(OpenSSH-Src-Path)\contrib\win32\win32compat\termio.c" />
    <ClCompile Include="$(OpenSSH-Src-Path)\contrib\win32\win32compat\misc.c" />
    <ClCompile Include="$(OpenSSH-Src-Path)\contrib\win32\win32compat\signal_sigalrm.c" />
    <ClCompile Include="$(OpenSSH-Src-Path)\contrib\win32\win32compat\signal_sigchld.c" />
    <ClCompile Include="$(OpenSSH-Src-Path)\contrib\win32\win32compat\w32log.c" />
    <ClCompile Include="..\win32compat\pwd.c" />
    <ClCompile Include="..\win32compat\wmain.c" />
  </ItemGroup>
  <ItemGroup>
    <ClInclude Include="$(OpenSSH-Src-Path)\contrib\win32\win32compat\w32fd.h" />
    <ClInclude Include="$(OpenSSH-Src-Path)\contrib\win32\win32compat\inc\sys\select.h">
      <Filter>inc\sys</Filter>
    </ClInclude>
    <ClInclude Include="$(OpenSSH-Src-Path)\contrib\win32\win32compat\inc\sys\socket.h">
      <Filter>inc\sys</Filter>
    </ClInclude>
    <ClInclude Include="$(OpenSSH-Src-Path)\contrib\win32\win32compat\inc\sys\stat.h">
      <Filter>inc\sys</Filter>
    </ClInclude>
    <ClInclude Include="$(OpenSSH-Src-Path)\contrib\win32\win32compat\inc\sys\time.h">
      <Filter>inc\sys</Filter>
    </ClInclude>
    <ClInclude Include="$(OpenSSH-Src-Path)\contrib\win32\win32compat\inc\defs.h">
      <Filter>inc</Filter>
    </ClInclude>
    <ClInclude Include="$(OpenSSH-Src-Path)\contrib\win32\win32compat\inc\fcntl.h">
      <Filter>inc</Filter>
    </ClInclude>
    <ClInclude Include="$(OpenSSH-Src-Path)\contrib\win32\win32compat\inc\signal.h">
      <Filter>inc</Filter>
    </ClInclude>
    <ClInclude Include="$(OpenSSH-Src-Path)\contrib\win32\win32compat\inc\unistd.h">
      <Filter>inc</Filter>
    </ClInclude>
    <ClInclude Include="$(OpenSSH-Src-Path)\contrib\win32\win32compat\inc\w32posix.h">
      <Filter>inc</Filter>
    </ClInclude>
    <ClInclude Include="$(OpenSSH-Src-Path)\contrib\win32\win32compat\inc\poll.h">
      <Filter>inc</Filter>
    </ClInclude>
    <ClInclude Include="$(OpenSSH-Src-Path)\contrib\win32\win32compat\inc\sys\wait.h">
      <Filter>inc\sys</Filter>
    </ClInclude>
    <ClInclude Include="$(OpenSSH-Src-Path)\contrib\win32\win32compat\inc\sys\statvfs.h">
      <Filter>inc\sys</Filter>
    </ClInclude>
    <ClInclude Include="$(OpenSSH-Src-Path)\contrib\win32\win32compat\inc\dlfcn.h" />
    <ClInclude Include="$(OpenSSH-Src-Path)\contrib\win32\win32compat\inc\syslog.h" />
    <ClInclude Include="$(OpenSSH-Src-Path)\contrib\win32\win32compat\signal_internal.h" />
    <ClInclude Include="..\win32compat\inc\pwd.h">
      <Filter>inc</Filter>
    </ClInclude>
    <ClInclude Include="..\win32compat\inc\sys\param.h">
      <Filter>inc\sys</Filter>
    </ClInclude>
    <ClInclude Include="..\win32compat\inc\utf.h">
      <Filter>inc</Filter>
    </ClInclude>
  </ItemGroup>
  <ItemGroup>
    <Filter Include="inc">
      <UniqueIdentifier>{b70431df-c3b2-46ee-a825-aeb9df643f7f}</UniqueIdentifier>
    </Filter>
    <Filter Include="inc\sys">
      <UniqueIdentifier>{9fd6aa70-2efb-4577-87eb-d285a9cbbaa0}</UniqueIdentifier>
    </Filter>
  </ItemGroup>
</Project>